// !$*UTF8*$!
{
	archiveVersion = 1;
	classes = {
	};
	objectVersion = 42;
	objects = {

/* Begin PBXBuildFile section */
		61A9DFD70B833F1500BC506C /* AGL.framework in Frameworks */ = {isa = PBXBuildFile; fileRef = 61A9DFD20B833F1500BC506C /* AGL.framework */; };
		61A9DFD80B833F1500BC506C /* CoreFoundation.framework in Frameworks */ = {isa = PBXBuildFile; fileRef = 61A9DFD30B833F1500BC506C /* CoreFoundation.framework */; };
		61A9DFD90B833F1500BC506C /* CoreServices.framework in Frameworks */ = {isa = PBXBuildFile; fileRef = 61A9DFD40B833F1500BC506C /* CoreServices.framework */; };
		61A9DFDA0B833F1500BC506C /* Carbon.framework in Frameworks */ = {isa = PBXBuildFile; fileRef = 61A9DFD50B833F1500BC506C /* Carbon.framework */; };
		61A9DFDB0B833F1500BC506C /* OpenGL.framework in Frameworks */ = {isa = PBXBuildFile; fileRef = 61A9DFD60B833F1500BC506C /* OpenGL.framework */; };
		61A9DFDC0B833F1500BC506C /* AGL.framework in Frameworks */ = {isa = PBXBuildFile; fileRef = 61A9DFD20B833F1500BC506C /* AGL.framework */; };
		61A9DFDD0B833F1500BC506C /* CoreFoundation.framework in Frameworks */ = {isa = PBXBuildFile; fileRef = 61A9DFD30B833F1500BC506C /* CoreFoundation.framework */; };
		61A9DFDE0B833F1500BC506C /* CoreServices.framework in Frameworks */ = {isa = PBXBuildFile; fileRef = 61A9DFD40B833F1500BC506C /* CoreServices.framework */; };
		61A9DFDF0B833F1500BC506C /* Carbon.framework in Frameworks */ = {isa = PBXBuildFile; fileRef = 61A9DFD50B833F1500BC506C /* Carbon.framework */; };
		61A9DFE00B833F1500BC506C /* OpenGL.framework in Frameworks */ = {isa = PBXBuildFile; fileRef = 61A9DFD60B833F1500BC506C /* OpenGL.framework */; };
		61A9DFF30B83433800BC506C /* Application.cpp in Sources */ = {isa = PBXBuildFile; fileRef = 61A9DFEF0B83433800BC506C /* Application.cpp */; };
		61A9DFF40B83433800BC506C /* MainWindow.cpp in Sources */ = {isa = PBXBuildFile; fileRef = 61A9DFF10B83433800BC506C /* MainWindow.cpp */; };
		61A9DFF50B83433800BC506C /* Application.cpp in Sources */ = {isa = PBXBuildFile; fileRef = 61A9DFEF0B83433800BC506C /* Application.cpp */; };
		61A9DFF60B83433800BC506C /* MainWindow.cpp in Sources */ = {isa = PBXBuildFile; fileRef = 61A9DFF10B83433800BC506C /* MainWindow.cpp */; };
		BCBCB15F0DFD45BD002E8BC3 /* libnui3.a in Frameworks */ = {isa = PBXBuildFile; fileRef = BCBCB15E0DFD45B6002E8BC3 /* libnui3.a */; };
		BCBCB1600DFD45C1002E8BC3 /* libnui3D.a in Frameworks */ = {isa = PBXBuildFile; fileRef = BCBCB15C0DFD45B6002E8BC3 /* libnui3D.a */; };
		BCF476E90EF953BC00EF6CA9 /* ProjectGenerator.cpp in Sources */ = {isa = PBXBuildFile; fileRef = BCF476E70EF953BC00EF6CA9 /* ProjectGenerator.cpp */; };
		BCF476EA0EF953BC00EF6CA9 /* ProjectGenerator.cpp in Sources */ = {isa = PBXBuildFile; fileRef = BCF476E70EF953BC00EF6CA9 /* ProjectGenerator.cpp */; };
		BCF476F70EF954C500EF6CA9 /* Preferences.cpp in Sources */ = {isa = PBXBuildFile; fileRef = BCF476F50EF954C500EF6CA9 /* Preferences.cpp */; };
		BCF476F80EF954C500EF6CA9 /* Preferences.cpp in Sources */ = {isa = PBXBuildFile; fileRef = BCF476F50EF954C500EF6CA9 /* Preferences.cpp */; };
/* End PBXBuildFile section */

/* Begin PBXContainerItemProxy section */
		BCBCB15B0DFD45B6002E8BC3 /* PBXContainerItemProxy */ = {
			isa = PBXContainerItemProxy;
			containerPortal = BCBCB1520DFD45B5002E8BC3 /* nui3.xcodeproj */;
			proxyType = 2;
			remoteGlobalIDString = E58172D80C3D103300902DFE;
			remoteInfo = nui3D;
		};
		BCBCB15D0DFD45B6002E8BC3 /* PBXContainerItemProxy */ = {
			isa = PBXContainerItemProxy;
			containerPortal = BCBCB1520DFD45B5002E8BC3 /* nui3.xcodeproj */;
			proxyType = 2;
			remoteGlobalIDString = E542A1AE0C3F0A5900225219;
			remoteInfo = nui3;
		};
		BCBCB1630DFD45FA002E8BC3 /* PBXContainerItemProxy */ = {
			isa = PBXContainerItemProxy;
			containerPortal = BCBCB1520DFD45B5002E8BC3 /* nui3.xcodeproj */;
			proxyType = 1;
			remoteGlobalIDString = E5429F110C3F0A5900225219;
			remoteInfo = nui3;
		};
		BCBCB1650DFD4605002E8BC3 /* PBXContainerItemProxy */ = {
			isa = PBXContainerItemProxy;
			containerPortal = BCBCB1520DFD45B5002E8BC3 /* nui3.xcodeproj */;
			proxyType = 1;
			remoteGlobalIDString = E58172D70C3D103300902DFE;
			remoteInfo = nui3D;
		};
/* End PBXContainerItemProxy section */

/* Begin PBXFileReference section */
		61A9DFBF0B833E9600BC506C /* project_generator.app */ = {isa = PBXFileReference; explicitFileType = wrapper.application; includeInIndex = 0; path = project_generator.app; sourceTree = BUILT_PRODUCTS_DIR; };
		61A9DFC90B833EF200BC506C /* project_generatorD.app */ = {isa = PBXFileReference; explicitFileType = wrapper.application; includeInIndex = 0; path = project_generatorD.app; sourceTree = BUILT_PRODUCTS_DIR; };
		61A9DFD20B833F1500BC506C /* AGL.framework */ = {isa = PBXFileReference; lastKnownFileType = wrapper.framework; name = AGL.framework; path = /System/Library/Frameworks/AGL.framework; sourceTree = "<absolute>"; };
		61A9DFD30B833F1500BC506C /* CoreFoundation.framework */ = {isa = PBXFileReference; lastKnownFileType = wrapper.framework; name = CoreFoundation.framework; path = /System/Library/Frameworks/CoreFoundation.framework; sourceTree = "<absolute>"; };
		61A9DFD40B833F1500BC506C /* CoreServices.framework */ = {isa = PBXFileReference; lastKnownFileType = wrapper.framework; name = CoreServices.framework; path = /System/Library/Frameworks/CoreServices.framework; sourceTree = "<absolute>"; };
		61A9DFD50B833F1500BC506C /* Carbon.framework */ = {isa = PBXFileReference; lastKnownFileType = wrapper.framework; name = Carbon.framework; path = /System/Library/Frameworks/Carbon.framework; sourceTree = "<absolute>"; };
		61A9DFD60B833F1500BC506C /* OpenGL.framework */ = {isa = PBXFileReference; lastKnownFileType = wrapper.framework; name = OpenGL.framework; path = /System/Library/Frameworks/OpenGL.framework; sourceTree = "<absolute>"; };
		61A9DFEF0B83433800BC506C /* Application.cpp */ = {isa = PBXFileReference; fileEncoding = 30; lastKnownFileType = sourcecode.cpp.cpp; name = Application.cpp; path = src/Application.cpp; sourceTree = "<group>"; };
		61A9DFF00B83433800BC506C /* Application.h */ = {isa = PBXFileReference; fileEncoding = 30; lastKnownFileType = sourcecode.c.h; name = Application.h; path = src/Application.h; sourceTree = "<group>"; };
		61A9DFF10B83433800BC506C /* MainWindow.cpp */ = {isa = PBXFileReference; fileEncoding = 30; lastKnownFileType = sourcecode.cpp.cpp; name = MainWindow.cpp; path = src/MainWindow.cpp; sourceTree = "<group>"; };
		61A9DFF20B83433800BC506C /* MainWindow.h */ = {isa = PBXFileReference; fileEncoding = 30; lastKnownFileType = sourcecode.c.h; name = MainWindow.h; path = src/MainWindow.h; sourceTree = "<group>"; };
		BCBCB1520DFD45B5002E8BC3 /* nui3.xcodeproj */ = {isa = PBXFileReference; lastKnownFileType = "wrapper.pb-project"; name = nui3.xcodeproj; path = ../../nui3.xcodeproj; sourceTree = SOURCE_ROOT; };
		BCF476E70EF953BC00EF6CA9 /* ProjectGenerator.cpp */ = {isa = PBXFileReference; fileEncoding = 4; lastKnownFileType = sourcecode.cpp.cpp; name = ProjectGenerator.cpp; path = src/ProjectGenerator.cpp; sourceTree = SOURCE_ROOT; };
		BCF476E80EF953BC00EF6CA9 /* ProjectGenerator.h */ = {isa = PBXFileReference; fileEncoding = 4; lastKnownFileType = sourcecode.c.h; name = ProjectGenerator.h; path = src/ProjectGenerator.h; sourceTree = SOURCE_ROOT; };
		BCF476F50EF954C500EF6CA9 /* Preferences.cpp */ = {isa = PBXFileReference; fileEncoding = 4; lastKnownFileType = sourcecode.cpp.cpp; name = Preferences.cpp; path = src/Preferences.cpp; sourceTree = SOURCE_ROOT; };
		BCF476F60EF954C500EF6CA9 /* Preferences.h */ = {isa = PBXFileReference; fileEncoding = 4; lastKnownFileType = sourcecode.c.h; name = Preferences.h; path = src/Preferences.h; sourceTree = SOURCE_ROOT; };
		BCF477AA0EF95B4700EF6CA9 /* ProjectGenerator.css */ = {isa = PBXFileReference; fileEncoding = 4; lastKnownFileType = text.css; name = ProjectGenerator.css; path = resources/css/ProjectGenerator.css; sourceTree = SOURCE_ROOT; };
/* End PBXFileReference section */

/* Begin PBXFrameworksBuildPhase section */
		61A9DFBD0B833E9600BC506C /* Frameworks */ = {
			isa = PBXFrameworksBuildPhase;
			buildActionMask = 2147483647;
			files = (
				61A9DFD70B833F1500BC506C /* AGL.framework in Frameworks */,
				61A9DFD80B833F1500BC506C /* CoreFoundation.framework in Frameworks */,
				61A9DFD90B833F1500BC506C /* CoreServices.framework in Frameworks */,
				61A9DFDA0B833F1500BC506C /* Carbon.framework in Frameworks */,
				61A9DFDB0B833F1500BC506C /* OpenGL.framework in Frameworks */,
				BCBCB15F0DFD45BD002E8BC3 /* libnui3.a in Frameworks */,
			);
			runOnlyForDeploymentPostprocessing = 0;
		};
		61A9DFC70B833EF200BC506C /* Frameworks */ = {
			isa = PBXFrameworksBuildPhase;
			buildActionMask = 2147483647;
			files = (
				61A9DFDC0B833F1500BC506C /* AGL.framework in Frameworks */,
				61A9DFDD0B833F1500BC506C /* CoreFoundation.framework in Frameworks */,
				61A9DFDE0B833F1500BC506C /* CoreServices.framework in Frameworks */,
				61A9DFDF0B833F1500BC506C /* Carbon.framework in Frameworks */,
				61A9DFE00B833F1500BC506C /* OpenGL.framework in Frameworks */,
				BCBCB1600DFD45C1002E8BC3 /* libnui3D.a in Frameworks */,
			);
			runOnlyForDeploymentPostprocessing = 0;
		};
/* End PBXFrameworksBuildPhase section */

/* Begin PBXGroup section */
		61A9DE3D0B833C9200BC506C = {
			isa = PBXGroup;
			children = (
				BCF477A90EF95B3400EF6CA9 /* css */,
				61A9DE4A0B833CD000BC506C /* src */,
				61A9DE490B833CB000BC506C /* deps */,
				61A9DFB50B833DE500BC506C /* Products */,
			);
			sourceTree = "<group>";
		};
		61A9DE490B833CB000BC506C /* deps */ = {
			isa = PBXGroup;
			children = (
				BCBCB1520DFD45B5002E8BC3 /* nui3.xcodeproj */,
				61A9DFD20B833F1500BC506C /* AGL.framework */,
				61A9DFD30B833F1500BC506C /* CoreFoundation.framework */,
				61A9DFD40B833F1500BC506C /* CoreServices.framework */,
				61A9DFD50B833F1500BC506C /* Carbon.framework */,
				61A9DFD60B833F1500BC506C /* OpenGL.framework */,
			);
			name = deps;
			sourceTree = "<group>";
		};
		61A9DE4A0B833CD000BC506C /* src */ = {
			isa = PBXGroup;
			children = (
				61A9DFEF0B83433800BC506C /* Application.cpp */,
				61A9DFF00B83433800BC506C /* Application.h */,
				61A9DFF10B83433800BC506C /* MainWindow.cpp */,
				61A9DFF20B83433800BC506C /* MainWindow.h */,
				BCF476E70EF953BC00EF6CA9 /* ProjectGenerator.cpp */,
				BCF476E80EF953BC00EF6CA9 /* ProjectGenerator.h */,
				BCF476F50EF954C500EF6CA9 /* Preferences.cpp */,
				BCF476F60EF954C500EF6CA9 /* Preferences.h */,
			);
			name = src;
			sourceTree = "<group>";
		};
		61A9DFB50B833DE500BC506C /* Products */ = {
			isa = PBXGroup;
			children = (
				61A9DFBF0B833E9600BC506C /* project_generator.app */,
				61A9DFC90B833EF200BC506C /* project_generatorD.app */,
			);
			name = Products;
			sourceTree = "<group>";
		};
		BCBCB1530DFD45B5002E8BC3 /* Products */ = {
			isa = PBXGroup;
			children = (
				BCBCB15C0DFD45B6002E8BC3 /* libnui3D.a */,
				BCBCB15E0DFD45B6002E8BC3 /* libnui3.a */,
			);
			name = Products;
			sourceTree = "<group>";
		};
		BCF477A90EF95B3400EF6CA9 /* css */ = {
			isa = PBXGroup;
			children = (
				BCF477AA0EF95B4700EF6CA9 /* ProjectGenerator.css */,
			);
			name = css;
			sourceTree = "<group>";
		};
/* End PBXGroup section */

/* Begin PBXNativeTarget section */
		61A9DFBE0B833E9600BC506C /* project_generator */ = {
			isa = PBXNativeTarget;
			buildConfigurationList = 61A9DFC20B833E9600BC506C /* Build configuration list for PBXNativeTarget "project_generator" */;
			buildPhases = (
				61A9DFBC0B833E9600BC506C /* Sources */,
				61A9DFBD0B833E9600BC506C /* Frameworks */,
				BCF476EF0EF9540C00EF6CA9 /* ShellScript */,
			);
			buildRules = (
			);
			dependencies = (
				BCBCB1640DFD45FA002E8BC3 /* PBXTargetDependency */,
			);
			name = project_generator;
			productName = Temp;
			productReference = 61A9DFBF0B833E9600BC506C /* project_generator.app */;
			productType = "com.apple.product-type.application";
		};
		61A9DFC80B833EF200BC506C /* project_generatorD */ = {
			isa = PBXNativeTarget;
			buildConfigurationList = 61A9DFCC0B833EF300BC506C /* Build configuration list for PBXNativeTarget "project_generatorD" */;
			buildPhases = (
				61A9DFC60B833EF200BC506C /* Sources */,
				61A9DFC70B833EF200BC506C /* Frameworks */,
				BCF476F10EF9541E00EF6CA9 /* ShellScript */,
			);
			buildRules = (
			);
			dependencies = (
				BCBCB1660DFD4605002E8BC3 /* PBXTargetDependency */,
			);
			name = project_generatorD;
			productName = Tempd;
			productReference = 61A9DFC90B833EF200BC506C /* project_generatorD.app */;
			productType = "com.apple.product-type.application";
		};
/* End PBXNativeTarget section */

/* Begin PBXProject section */
		61A9DE3F0B833C9200BC506C /* Project object */ = {
			isa = PBXProject;
			buildConfigurationList = 61A9DE400B833C9200BC506C /* Build configuration list for PBXProject "project_generator" */;
			compatibilityVersion = "Xcode 2.4";
			hasScannedForEncodings = 0;
			mainGroup = 61A9DE3D0B833C9200BC506C;
			productRefGroup = 61A9DFB50B833DE500BC506C /* Products */;
			projectDirPath = "";
			projectReferences = (
				{
					ProductGroup = BCBCB1530DFD45B5002E8BC3 /* Products */;
					ProjectRef = BCBCB1520DFD45B5002E8BC3 /* nui3.xcodeproj */;
				},
			);
			projectRoot = "";
			targets = (
				61A9DFBE0B833E9600BC506C /* project_generator */,
				61A9DFC80B833EF200BC506C /* project_generatorD */,
			);
		};
/* End PBXProject section */

/* Begin PBXReferenceProxy section */
		BCBCB15C0DFD45B6002E8BC3 /* libnui3D.a */ = {
			isa = PBXReferenceProxy;
			fileType = archive.ar;
			path = libnui3D.a;
			remoteRef = BCBCB15B0DFD45B6002E8BC3 /* PBXContainerItemProxy */;
			sourceTree = BUILT_PRODUCTS_DIR;
		};
		BCBCB15E0DFD45B6002E8BC3 /* libnui3.a */ = {
			isa = PBXReferenceProxy;
			fileType = archive.ar;
			path = libnui3.a;
			remoteRef = BCBCB15D0DFD45B6002E8BC3 /* PBXContainerItemProxy */;
			sourceTree = BUILT_PRODUCTS_DIR;
		};
/* End PBXReferenceProxy section */

/* Begin PBXShellScriptBuildPhase section */
		BCF476EF0EF9540C00EF6CA9 /* ShellScript */ = {
			isa = PBXShellScriptBuildPhase;
			buildActionMask = 2147483647;
			files = (
			);
			inputPaths = (
			);
			outputPaths = (
			);
			runOnlyForDeploymentPostprocessing = 0;
			shellPath = /bin/sh;
			shellScript = "rsync -rC ./resources/ --exclude \".*\" $BUILT_PRODUCTS_DIR/$UNLOCALIZED_RESOURCES_FOLDER_PATH\n../../../nui3/tools/make_rc.py resources resource.rc";
		};
		BCF476F10EF9541E00EF6CA9 /* ShellScript */ = {
			isa = PBXShellScriptBuildPhase;
			buildActionMask = 2147483647;
			files = (
			);
			inputPaths = (
			);
			outputPaths = (
			);
			runOnlyForDeploymentPostprocessing = 0;
			shellPath = /bin/sh;
			shellScript = "rsync -rC ./resources/ --exclude \".*\" $BUILT_PRODUCTS_DIR/$UNLOCALIZED_RESOURCES_FOLDER_PATH\n../../../nui3/tools/make_rc.py resources resource.rc";
		};
/* End PBXShellScriptBuildPhase section */

/* Begin PBXSourcesBuildPhase section */
		61A9DFBC0B833E9600BC506C /* Sources */ = {
			isa = PBXSourcesBuildPhase;
			buildActionMask = 2147483647;
			files = (
				61A9DFF30B83433800BC506C /* Application.cpp in Sources */,
				61A9DFF40B83433800BC506C /* MainWindow.cpp in Sources */,
				BCF476E90EF953BC00EF6CA9 /* ProjectGenerator.cpp in Sources */,
				BCF476F70EF954C500EF6CA9 /* Preferences.cpp in Sources */,
			);
			runOnlyForDeploymentPostprocessing = 0;
		};
		61A9DFC60B833EF200BC506C /* Sources */ = {
			isa = PBXSourcesBuildPhase;
			buildActionMask = 2147483647;
			files = (
				61A9DFF50B83433800BC506C /* Application.cpp in Sources */,
				61A9DFF60B83433800BC506C /* MainWindow.cpp in Sources */,
				BCF476EA0EF953BC00EF6CA9 /* ProjectGenerator.cpp in Sources */,
				BCF476F80EF954C500EF6CA9 /* Preferences.cpp in Sources */,
			);
			runOnlyForDeploymentPostprocessing = 0;
		};
/* End PBXSourcesBuildPhase section */

/* Begin PBXTargetDependency section */
		BCBCB1640DFD45FA002E8BC3 /* PBXTargetDependency */ = {
			isa = PBXTargetDependency;
			name = nui3;
			targetProxy = BCBCB1630DFD45FA002E8BC3 /* PBXContainerItemProxy */;
		};
		BCBCB1660DFD4605002E8BC3 /* PBXTargetDependency */ = {
			isa = PBXTargetDependency;
			name = nui3D;
			targetProxy = BCBCB1650DFD4605002E8BC3 /* PBXContainerItemProxy */;
		};
/* End PBXTargetDependency section */

/* Begin XCBuildConfiguration section */
		61A9DE410B833C9200BC506C /* Default */ = {
			isa = XCBuildConfiguration;
			buildSettings = {
				COPY_PHASE_STRIP = NO;
				HEADER_SEARCH_PATHS = ../../include;
			};
			name = Default;
		};
		61A9DFC30B833E9600BC506C /* Default */ = {
			isa = XCBuildConfiguration;
			buildSettings = {
				ARCHS = (
					ppc,
					i386,
				);
				COPY_PHASE_STRIP = YES;
				GCC_DYNAMIC_NO_PIC = NO;
				GCC_ENABLE_FIX_AND_CONTINUE = NO;
				GCC_GENERATE_DEBUGGING_SYMBOLS = YES;
				GCC_MODEL_TUNING = G5;
				GCC_OPTIMIZATION_LEVEL = s;
				INFOPLIST_FILE = "";
				INSTALL_PATH = "$(HOME)/Applications";
				OTHER_LDFLAGS = "-lz";
				PREBINDING = YES;
				PRODUCT_NAME = project_generator;
				STRIP_INSTALLED_PRODUCT = YES;
				WARNING_CFLAGS = (
					"-Wmost",
					"-Wno-four-char-constants",
					"-Wno-unknown-pragmas",
				);
				WRAPPER_EXTENSION = app;
				ZERO_LINK = NO;
			};
			name = Default;
		};
		61A9DFCD0B833EF300BC506C /* Default */ = {
			isa = XCBuildConfiguration;
			buildSettings = {
				COPY_PHASE_STRIP = NO;
				GCC_DEBUGGING_SYMBOLS = full;
				GCC_DYNAMIC_NO_PIC = NO;
				GCC_ENABLE_FIX_AND_CONTINUE = NO;
				GCC_GENERATE_DEBUGGING_SYMBOLS = YES;
				GCC_MODEL_TUNING = G5;
				GCC_OPTIMIZATION_LEVEL = 0;
				GCC_PREPROCESSOR_DEFINITIONS = _DEBUG;
				INFOPLIST_FILE = "";
				INSTALL_PATH = "$(HOME)/Applications";
				OTHER_LDFLAGS = "-lz";
				PREBINDING = YES;
				PRODUCT_NAME = project_generatorD;
				WARNING_CFLAGS = (
					"-Wmost",
					"-Wno-four-char-constants",
					"-Wno-unknown-pragmas",
				);
				WRAPPER_EXTENSION = app;
				ZERO_LINK = NO;
			};
			name = Default;
		};
/* End XCBuildConfiguration section */

/* Begin XCConfigurationList section */
		61A9DE400B833C9200BC506C /* Build configuration list for PBXProject "project_generator" */ = {
			isa = XCConfigurationList;
			buildConfigurations = (
				61A9DE410B833C9200BC506C /* Default */,
			);
			defaultConfigurationIsVisible = 0;
			defaultConfigurationName = Default;
		};
		61A9DFC20B833E9600BC506C /* Build configuration list for PBXNativeTarget "project_generator" */ = {
			isa = XCConfigurationList;
			buildConfigurations = (
				61A9DFC30B833E9600BC506C /* Default */,
			);
			defaultConfigurationIsVisible = 0;
			defaultConfigurationName = Default;
		};
		61A9DFCC0B833EF300BC506C /* Build configuration list for PBXNativeTarget "project_generatorD" */ = {
			isa = XCConfigurationList;
			buildConfigurations = (
				61A9DFCD0B833EF300BC506C /* Default */,
			);
			defaultConfigurationIsVisible = 0;
			defaultConfigurationName = Default;
		};
/* End XCConfigurationList section */
	};
	rootObject = 61A9DE3F0B833C9200BC506C /* Project object */;
}
