// !$*UTF8*$!
{
	archiveVersion = 1;
	classes = {
	};
	objectVersion = 42;
	objects = {

/* Begin PBXBuildFile section */
		61A9DFD70B833F1500BC506C /* AGL.framework in Frameworks */ = {isa = PBXBuildFile; fileRef = 61A9DFD20B833F1500BC506C /* AGL.framework */; };
		61A9DFD80B833F1500BC506C /* CoreFoundation.framework in Frameworks */ = {isa = PBXBuildFile; fileRef = 61A9DFD30B833F1500BC506C /* CoreFoundation.framework */; };
		61A9DFD90B833F1500BC506C /* CoreServices.framework in Frameworks */ = {isa = PBXBuildFile; fileRef = 61A9DFD40B833F1500BC506C /* CoreServices.framework */; };
		61A9DFDA0B833F1500BC506C /* Carbon.framework in Frameworks */ = {isa = PBXBuildFile; fileRef = 61A9DFD50B833F1500BC506C /* Carbon.framework */; };
		61A9DFDB0B833F1500BC506C /* OpenGL.framework in Frameworks */ = {isa = PBXBuildFile; fileRef = 61A9DFD60B833F1500BC506C /* OpenGL.framework */; };
		61A9DFDC0B833F1500BC506C /* AGL.framework in Frameworks */ = {isa = PBXBuildFile; fileRef = 61A9DFD20B833F1500BC506C /* AGL.framework */; };
		61A9DFDD0B833F1500BC506C /* CoreFoundation.framework in Frameworks */ = {isa = PBXBuildFile; fileRef = 61A9DFD30B833F1500BC506C /* CoreFoundation.framework */; };
		61A9DFDE0B833F1500BC506C /* CoreServices.framework in Frameworks */ = {isa = PBXBuildFile; fileRef = 61A9DFD40B833F1500BC506C /* CoreServices.framework */; };
		61A9DFDF0B833F1500BC506C /* Carbon.framework in Frameworks */ = {isa = PBXBuildFile; fileRef = 61A9DFD50B833F1500BC506C /* Carbon.framework */; };
		61A9DFE00B833F1500BC506C /* OpenGL.framework in Frameworks */ = {isa = PBXBuildFile; fileRef = 61A9DFD60B833F1500BC506C /* OpenGL.framework */; };
		61A9DFF30B83433800BC506C /* Application.cpp in Sources */ = {isa = PBXBuildFile; fileRef = 61A9DFEF0B83433800BC506C /* Application.cpp */; };
		61A9DFF40B83433800BC506C /* MainWindow.cpp in Sources */ = {isa = PBXBuildFile; fileRef = 61A9DFF10B83433800BC506C /* MainWindow.cpp */; };
		61A9DFF50B83433800BC506C /* Application.cpp in Sources */ = {isa = PBXBuildFile; fileRef = 61A9DFEF0B83433800BC506C /* Application.cpp */; };
		61A9DFF60B83433800BC506C /* MainWindow.cpp in Sources */ = {isa = PBXBuildFile; fileRef = 61A9DFF10B83433800BC506C /* MainWindow.cpp */; };
		BC085D630EC46CD200D95F92 /* Gui.cpp in Sources */ = {isa = PBXBuildFile; fileRef = BC085D610EC46CD200D95F92 /* Gui.cpp */; };
		BC085D640EC46CD200D95F92 /* Gui.cpp in Sources */ = {isa = PBXBuildFile; fileRef = BC085D610EC46CD200D95F92 /* Gui.cpp */; };
		BC085D670EC46CDB00D95F92 /* Engine.cpp in Sources */ = {isa = PBXBuildFile; fileRef = BC085D650EC46CDB00D95F92 /* Engine.cpp */; };
		BC085D680EC46CDB00D95F92 /* Engine.cpp in Sources */ = {isa = PBXBuildFile; fileRef = BC085D650EC46CDB00D95F92 /* Engine.cpp */; };
		BC085DA00EC473EF00D95F92 /* guiOscillo.cpp in Sources */ = {isa = PBXBuildFile; fileRef = BC085D9E0EC473EF00D95F92 /* guiOscillo.cpp */; };
		BC085DA10EC473EF00D95F92 /* guiOscillo.cpp in Sources */ = {isa = PBXBuildFile; fileRef = BC085D9E0EC473EF00D95F92 /* guiOscillo.cpp */; };
		BC09F4FF0ED0818700C1CA33 /* guiTheme.cpp in Sources */ = {isa = PBXBuildFile; fileRef = BC09F4FD0ED0818700C1CA33 /* guiTheme.cpp */; };
		BC09F5000ED0818700C1CA33 /* guiTheme.cpp in Sources */ = {isa = PBXBuildFile; fileRef = BC09F4FD0ED0818700C1CA33 /* guiTheme.cpp */; };
		BC29E4B20EC717A000D4B349 /* CoreAudioKit.framework in Frameworks */ = {isa = PBXBuildFile; fileRef = BC29E4B10EC717A000D4B349 /* CoreAudioKit.framework */; };
		BC29E4B30EC717A000D4B349 /* CoreAudioKit.framework in Frameworks */ = {isa = PBXBuildFile; fileRef = BC29E4B10EC717A000D4B349 /* CoreAudioKit.framework */; };
		BCA7BADA0EC8693C00AFA105 /* BiQuad.cpp in Sources */ = {isa = PBXBuildFile; fileRef = BCA7BAD80EC8693C00AFA105 /* BiQuad.cpp */; };
		BCA7BADB0EC8693C00AFA105 /* BiQuad.cpp in Sources */ = {isa = PBXBuildFile; fileRef = BCA7BAD80EC8693C00AFA105 /* BiQuad.cpp */; };
		BCBCB15F0DFD45BD002E8BC3 /* libnui3.a in Frameworks */ = {isa = PBXBuildFile; fileRef = BCBCB15E0DFD45B6002E8BC3 /* libnui3.a */; };
		BCE44D9C0EC6463C00AEBD64 /* AudioToolbox.framework in Frameworks */ = {isa = PBXBuildFile; fileRef = BCE44D990EC6463C00AEBD64 /* AudioToolbox.framework */; };
		BCE44D9D0EC6463C00AEBD64 /* AudioUnit.framework in Frameworks */ = {isa = PBXBuildFile; fileRef = BCE44D9A0EC6463C00AEBD64 /* AudioUnit.framework */; };
		BCE44D9E0EC6463C00AEBD64 /* CoreAudio.framework in Frameworks */ = {isa = PBXBuildFile; fileRef = BCE44D9B0EC6463C00AEBD64 /* CoreAudio.framework */; };
		BCE44D9F0EC6463C00AEBD64 /* AudioToolbox.framework in Frameworks */ = {isa = PBXBuildFile; fileRef = BCE44D990EC6463C00AEBD64 /* AudioToolbox.framework */; };
		BCE44DA00EC6463C00AEBD64 /* AudioUnit.framework in Frameworks */ = {isa = PBXBuildFile; fileRef = BCE44D9A0EC6463C00AEBD64 /* AudioUnit.framework */; };
		BCE44DA10EC6463C00AEBD64 /* CoreAudio.framework in Frameworks */ = {isa = PBXBuildFile; fileRef = BCE44D9B0EC6463C00AEBD64 /* CoreAudio.framework */; };
		BCE44DC20EC646A600AEBD64 /* AudioTrack.cpp in Sources */ = {isa = PBXBuildFile; fileRef = BCE44DC00EC646A600AEBD64 /* AudioTrack.cpp */; };
		BCE44DC30EC646A600AEBD64 /* AudioTrack.cpp in Sources */ = {isa = PBXBuildFile; fileRef = BCE44DC00EC646A600AEBD64 /* AudioTrack.cpp */; };
		E5339B150EC766AF00B8C241 /* libnui3D.a in Frameworks */ = {isa = PBXBuildFile; fileRef = BCBCB15C0DFD45B6002E8BC3 /* libnui3D.a */; };
/* End PBXBuildFile section */

/* Begin PBXContainerItemProxy section */
		BCBCB15B0DFD45B6002E8BC3 /* PBXContainerItemProxy */ = {
			isa = PBXContainerItemProxy;
			containerPortal = BCBCB1520DFD45B5002E8BC3 /* nui3.xcodeproj */;
			proxyType = 2;
			remoteGlobalIDString = E58172D80C3D103300902DFE;
			remoteInfo = nui3D;
		};
		BCBCB15D0DFD45B6002E8BC3 /* PBXContainerItemProxy */ = {
			isa = PBXContainerItemProxy;
			containerPortal = BCBCB1520DFD45B5002E8BC3 /* nui3.xcodeproj */;
			proxyType = 2;
			remoteGlobalIDString = E542A1AE0C3F0A5900225219;
			remoteInfo = nui3;
		};
		BCBCB1630DFD45FA002E8BC3 /* PBXContainerItemProxy */ = {
			isa = PBXContainerItemProxy;
			containerPortal = BCBCB1520DFD45B5002E8BC3 /* nui3.xcodeproj */;
			proxyType = 1;
			remoteGlobalIDString = E5429F110C3F0A5900225219;
			remoteInfo = nui3;
		};
		BCBCB1650DFD4605002E8BC3 /* PBXContainerItemProxy */ = {
			isa = PBXContainerItemProxy;
			containerPortal = BCBCB1520DFD45B5002E8BC3 /* nui3.xcodeproj */;
			proxyType = 1;
			remoteGlobalIDString = E58172D70C3D103300902DFE;
			remoteInfo = nui3D;
		};
		E55DBF730F0526A600A9EC18 /* PBXContainerItemProxy */ = {
			isa = PBXContainerItemProxy;
			containerPortal = BCBCB1520DFD45B5002E8BC3 /* nui3.xcodeproj */;
			proxyType = 2;
			remoteGlobalIDString = E592C5140EFE8CCC00340B35;
			remoteInfo = "nui3D cocoa";
		};
/* End PBXContainerItemProxy section */

/* Begin PBXFileReference section */
		61A9DFBF0B833E9600BC506C /* nuiDemo.app */ = {isa = PBXFileReference; explicitFileType = wrapper.application; includeInIndex = 0; path = nuiDemo.app; sourceTree = BUILT_PRODUCTS_DIR; };
		61A9DFC90B833EF200BC506C /* nuiDemoD.app */ = {isa = PBXFileReference; explicitFileType = wrapper.application; includeInIndex = 0; path = nuiDemoD.app; sourceTree = BUILT_PRODUCTS_DIR; };
		61A9DFD20B833F1500BC506C /* AGL.framework */ = {isa = PBXFileReference; lastKnownFileType = wrapper.framework; name = AGL.framework; path = /System/Library/Frameworks/AGL.framework; sourceTree = "<absolute>"; };
		61A9DFD30B833F1500BC506C /* CoreFoundation.framework */ = {isa = PBXFileReference; lastKnownFileType = wrapper.framework; name = CoreFoundation.framework; path = /System/Library/Frameworks/CoreFoundation.framework; sourceTree = "<absolute>"; };
		61A9DFD40B833F1500BC506C /* CoreServices.framework */ = {isa = PBXFileReference; lastKnownFileType = wrapper.framework; name = CoreServices.framework; path = /System/Library/Frameworks/CoreServices.framework; sourceTree = "<absolute>"; };
		61A9DFD50B833F1500BC506C /* Carbon.framework */ = {isa = PBXFileReference; lastKnownFileType = wrapper.framework; name = Carbon.framework; path = /System/Library/Frameworks/Carbon.framework; sourceTree = "<absolute>"; };
		61A9DFD60B833F1500BC506C /* OpenGL.framework */ = {isa = PBXFileReference; lastKnownFileType = wrapper.framework; name = OpenGL.framework; path = /System/Library/Frameworks/OpenGL.framework; sourceTree = "<absolute>"; };
		61A9DFEF0B83433800BC506C /* Application.cpp */ = {isa = PBXFileReference; fileEncoding = 30; lastKnownFileType = sourcecode.cpp.cpp; name = Application.cpp; path = src/Application.cpp; sourceTree = "<group>"; };
		61A9DFF00B83433800BC506C /* Application.h */ = {isa = PBXFileReference; fileEncoding = 30; lastKnownFileType = sourcecode.c.h; name = Application.h; path = src/Application.h; sourceTree = "<group>"; };
		61A9DFF10B83433800BC506C /* MainWindow.cpp */ = {isa = PBXFileReference; fileEncoding = 30; lastKnownFileType = sourcecode.cpp.cpp; name = MainWindow.cpp; path = src/MainWindow.cpp; sourceTree = "<group>"; };
		61A9DFF20B83433800BC506C /* MainWindow.h */ = {isa = PBXFileReference; fileEncoding = 30; lastKnownFileType = sourcecode.c.h; name = MainWindow.h; path = src/MainWindow.h; sourceTree = "<group>"; };
		BC085D610EC46CD200D95F92 /* Gui.cpp */ = {isa = PBXFileReference; fileEncoding = 4; lastKnownFileType = sourcecode.cpp.cpp; name = Gui.cpp; path = src/Gui/Gui.cpp; sourceTree = SOURCE_ROOT; };
		BC085D620EC46CD200D95F92 /* Gui.h */ = {isa = PBXFileReference; fileEncoding = 4; lastKnownFileType = sourcecode.c.h; name = Gui.h; path = src/Gui/Gui.h; sourceTree = SOURCE_ROOT; };
		BC085D650EC46CDB00D95F92 /* Engine.cpp */ = {isa = PBXFileReference; fileEncoding = 4; lastKnownFileType = sourcecode.cpp.cpp; name = Engine.cpp; path = src/Engine/Engine.cpp; sourceTree = SOURCE_ROOT; };
		BC085D660EC46CDB00D95F92 /* Engine.h */ = {isa = PBXFileReference; fileEncoding = 4; lastKnownFileType = sourcecode.c.h; name = Engine.h; path = src/Engine/Engine.h; sourceTree = SOURCE_ROOT; };
		BC085D9E0EC473EF00D95F92 /* guiOscillo.cpp */ = {isa = PBXFileReference; fileEncoding = 4; lastKnownFileType = sourcecode.cpp.cpp; name = guiOscillo.cpp; path = src/Gui/guiOscillo.cpp; sourceTree = SOURCE_ROOT; };
		BC085D9F0EC473EF00D95F92 /* guiOscillo.h */ = {isa = PBXFileReference; fileEncoding = 4; lastKnownFileType = sourcecode.c.h; name = guiOscillo.h; path = src/Gui/guiOscillo.h; sourceTree = SOURCE_ROOT; };
		BC09F4FD0ED0818700C1CA33 /* guiTheme.cpp */ = {isa = PBXFileReference; fileEncoding = 4; lastKnownFileType = sourcecode.cpp.cpp; name = guiTheme.cpp; path = src/Gui/guiTheme.cpp; sourceTree = SOURCE_ROOT; };
		BC09F4FE0ED0818700C1CA33 /* guiTheme.h */ = {isa = PBXFileReference; fileEncoding = 4; lastKnownFileType = sourcecode.c.h; name = guiTheme.h; path = src/Gui/guiTheme.h; sourceTree = SOURCE_ROOT; };
		BC29E4B10EC717A000D4B349 /* CoreAudioKit.framework */ = {isa = PBXFileReference; lastKnownFileType = wrapper.framework; name = CoreAudioKit.framework; path = /System/Library/Frameworks/CoreAudioKit.framework; sourceTree = "<absolute>"; };
		BC70912F0EC9AD03002BBE9C /* Colors.css */ = {isa = PBXFileReference; fileEncoding = 4; lastKnownFileType = text.css; name = Colors.css; path = resources/css/Colors.css; sourceTree = SOURCE_ROOT; };
		BC7091300EC9AD03002BBE9C /* Fonts.css */ = {isa = PBXFileReference; fileEncoding = 4; lastKnownFileType = text.css; name = Fonts.css; path = resources/css/Fonts.css; sourceTree = SOURCE_ROOT; };
		BC79D8A30F6C3FB70076E623 /* Info.plist */ = {isa = PBXFileReference; fileEncoding = 4; lastKnownFileType = text.plist.xml; path = Info.plist; sourceTree = SOURCE_ROOT; };
		BC9DC75B0EC4DE7D00B3E1F1 /* Gui.css */ = {isa = PBXFileReference; fileEncoding = 4; lastKnownFileType = text.css; name = Gui.css; path = resources/css/Gui.css; sourceTree = SOURCE_ROOT; };
		BC9DC75C0EC4DE7D00B3E1F1 /* nuiDemo.css */ = {isa = PBXFileReference; fileEncoding = 4; lastKnownFileType = text.css; name = nuiDemo.css; path = resources/css/nuiDemo.css; sourceTree = SOURCE_ROOT; };
		BCA7BAD80EC8693C00AFA105 /* BiQuad.cpp */ = {isa = PBXFileReference; fileEncoding = 4; lastKnownFileType = sourcecode.cpp.cpp; name = BiQuad.cpp; path = src/Engine/BiQuad.cpp; sourceTree = SOURCE_ROOT; };
		BCA7BAD90EC8693C00AFA105 /* BiQuad.h */ = {isa = PBXFileReference; fileEncoding = 4; lastKnownFileType = sourcecode.c.h; name = BiQuad.h; path = src/Engine/BiQuad.h; sourceTree = SOURCE_ROOT; };
		BCBCB1520DFD45B5002E8BC3 /* nui3.xcodeproj */ = {isa = PBXFileReference; lastKnownFileType = "wrapper.pb-project"; name = nui3.xcodeproj; path = ../../nui3.xcodeproj; sourceTree = SOURCE_ROOT; };
		BCE44D990EC6463C00AEBD64 /* AudioToolbox.framework */ = {isa = PBXFileReference; lastKnownFileType = wrapper.framework; name = AudioToolbox.framework; path = /System/Library/Frameworks/AudioToolbox.framework; sourceTree = "<absolute>"; };
		BCE44D9A0EC6463C00AEBD64 /* AudioUnit.framework */ = {isa = PBXFileReference; lastKnownFileType = wrapper.framework; name = AudioUnit.framework; path = /System/Library/Frameworks/AudioUnit.framework; sourceTree = "<absolute>"; };
		BCE44D9B0EC6463C00AEBD64 /* CoreAudio.framework */ = {isa = PBXFileReference; lastKnownFileType = wrapper.framework; name = CoreAudio.framework; path = /System/Library/Frameworks/CoreAudio.framework; sourceTree = "<absolute>"; };
		BCE44DC00EC646A600AEBD64 /* AudioTrack.cpp */ = {isa = PBXFileReference; fileEncoding = 4; lastKnownFileType = sourcecode.cpp.cpp; name = AudioTrack.cpp; path = src/Engine/AudioTrack.cpp; sourceTree = SOURCE_ROOT; };
		BCE44DC10EC646A600AEBD64 /* AudioTrack.h */ = {isa = PBXFileReference; fileEncoding = 4; lastKnownFileType = sourcecode.c.h; name = AudioTrack.h; path = src/Engine/AudioTrack.h; sourceTree = SOURCE_ROOT; };
/* End PBXFileReference section */

/* Begin PBXFrameworksBuildPhase section */
		61A9DFBD0B833E9600BC506C /* Frameworks */ = {
			isa = PBXFrameworksBuildPhase;
			buildActionMask = 2147483647;
			files = (
				61A9DFD70B833F1500BC506C /* AGL.framework in Frameworks */,
				61A9DFD80B833F1500BC506C /* CoreFoundation.framework in Frameworks */,
				61A9DFD90B833F1500BC506C /* CoreServices.framework in Frameworks */,
				61A9DFDA0B833F1500BC506C /* Carbon.framework in Frameworks */,
				61A9DFDB0B833F1500BC506C /* OpenGL.framework in Frameworks */,
				BCBCB15F0DFD45BD002E8BC3 /* libnui3.a in Frameworks */,
				BCE44D9F0EC6463C00AEBD64 /* AudioToolbox.framework in Frameworks */,
				BCE44DA00EC6463C00AEBD64 /* AudioUnit.framework in Frameworks */,
				BCE44DA10EC6463C00AEBD64 /* CoreAudio.framework in Frameworks */,
				BC29E4B30EC717A000D4B349 /* CoreAudioKit.framework in Frameworks */,
			);
			runOnlyForDeploymentPostprocessing = 0;
		};
		61A9DFC70B833EF200BC506C /* Frameworks */ = {
			isa = PBXFrameworksBuildPhase;
			buildActionMask = 2147483647;
			files = (
				61A9DFDC0B833F1500BC506C /* AGL.framework in Frameworks */,
				61A9DFDD0B833F1500BC506C /* CoreFoundation.framework in Frameworks */,
				61A9DFDE0B833F1500BC506C /* CoreServices.framework in Frameworks */,
				61A9DFDF0B833F1500BC506C /* Carbon.framework in Frameworks */,
				61A9DFE00B833F1500BC506C /* OpenGL.framework in Frameworks */,
				BCE44D9C0EC6463C00AEBD64 /* AudioToolbox.framework in Frameworks */,
				BCE44D9D0EC6463C00AEBD64 /* AudioUnit.framework in Frameworks */,
				BCE44D9E0EC6463C00AEBD64 /* CoreAudio.framework in Frameworks */,
				BC29E4B20EC717A000D4B349 /* CoreAudioKit.framework in Frameworks */,
				E5339B150EC766AF00B8C241 /* libnui3D.a in Frameworks */,
			);
			runOnlyForDeploymentPostprocessing = 0;
		};
/* End PBXFrameworksBuildPhase section */

/* Begin PBXGroup section */
		61A9DE3D0B833C9200BC506C = {
			isa = PBXGroup;
			children = (
				61A9DE4A0B833CD000BC506C /* src */,
				61A9DE490B833CB000BC506C /* deps */,
				61A9DFB50B833DE500BC506C /* Products */,
				BC79D8A30F6C3FB70076E623 /* Info.plist */,
			);
			sourceTree = "<group>";
		};
		61A9DE490B833CB000BC506C /* deps */ = {
			isa = PBXGroup;
			children = (
				BCBCB1520DFD45B5002E8BC3 /* nui3.xcodeproj */,
				BC29E4B10EC717A000D4B349 /* CoreAudioKit.framework */,
				BCE44D990EC6463C00AEBD64 /* AudioToolbox.framework */,
				BCE44D9A0EC6463C00AEBD64 /* AudioUnit.framework */,
				BCE44D9B0EC6463C00AEBD64 /* CoreAudio.framework */,
				61A9DFD20B833F1500BC506C /* AGL.framework */,
				61A9DFD30B833F1500BC506C /* CoreFoundation.framework */,
				61A9DFD40B833F1500BC506C /* CoreServices.framework */,
				61A9DFD50B833F1500BC506C /* Carbon.framework */,
				61A9DFD60B833F1500BC506C /* OpenGL.framework */,
			);
			name = deps;
			sourceTree = "<group>";
		};
		61A9DE4A0B833CD000BC506C /* src */ = {
			isa = PBXGroup;
			children = (
				BC9DC7590EC4DE5300B3E1F1 /* css */,
				BC085D600EC46A4700D95F92 /* Engine */,
				BC085D5F0EC46A3800D95F92 /* Gui */,
				61A9DFEF0B83433800BC506C /* Application.cpp */,
				61A9DFF00B83433800BC506C /* Application.h */,
				61A9DFF10B83433800BC506C /* MainWindow.cpp */,
				61A9DFF20B83433800BC506C /* MainWindow.h */,
			);
			name = src;
			sourceTree = "<group>";
		};
		61A9DFB50B833DE500BC506C /* Products */ = {
			isa = PBXGroup;
			children = (
				61A9DFBF0B833E9600BC506C /* nuiDemo.app */,
				61A9DFC90B833EF200BC506C /* nuiDemoD.app */,
			);
			name = Products;
			sourceTree = "<group>";
		};
		BC085D5F0EC46A3800D95F92 /* Gui */ = {
			isa = PBXGroup;
			children = (
				BC085D610EC46CD200D95F92 /* Gui.cpp */,
				BC085D620EC46CD200D95F92 /* Gui.h */,
				BC09F4FD0ED0818700C1CA33 /* guiTheme.cpp */,
				BC09F4FE0ED0818700C1CA33 /* guiTheme.h */,
				BC085D9E0EC473EF00D95F92 /* guiOscillo.cpp */,
				BC085D9F0EC473EF00D95F92 /* guiOscillo.h */,
			);
			name = Gui;
			sourceTree = "<group>";
		};
		BC085D600EC46A4700D95F92 /* Engine */ = {
			isa = PBXGroup;
			children = (
				BCE44DC00EC646A600AEBD64 /* AudioTrack.cpp */,
				BCE44DC10EC646A600AEBD64 /* AudioTrack.h */,
				BC085D650EC46CDB00D95F92 /* Engine.cpp */,
				BC085D660EC46CDB00D95F92 /* Engine.h */,
				BCA7BAD80EC8693C00AFA105 /* BiQuad.cpp */,
				BCA7BAD90EC8693C00AFA105 /* BiQuad.h */,
			);
			name = Engine;
			sourceTree = "<group>";
		};
		BC9DC7590EC4DE5300B3E1F1 /* css */ = {
			isa = PBXGroup;
			children = (
				BC9DC75C0EC4DE7D00B3E1F1 /* nuiDemo.css */,
				BC7091300EC9AD03002BBE9C /* Fonts.css */,
				BC70912F0EC9AD03002BBE9C /* Colors.css */,
				BC9DC75B0EC4DE7D00B3E1F1 /* Gui.css */,
			);
			name = css;
			sourceTree = "<group>";
		};
		BCBCB1530DFD45B5002E8BC3 /* Products */ = {
			isa = PBXGroup;
			children = (
				BCBCB15C0DFD45B6002E8BC3 /* libnui3D.a */,
				BCBCB15E0DFD45B6002E8BC3 /* libnui3.a */,
				E55DBF740F0526A600A9EC18 /* libnui3D cocoa.a */,
			);
			name = Products;
			sourceTree = "<group>";
		};
/* End PBXGroup section */

/* Begin PBXNativeTarget section */
		61A9DFBE0B833E9600BC506C /* nuiDemo */ = {
			isa = PBXNativeTarget;
			buildConfigurationList = 61A9DFC20B833E9600BC506C /* Build configuration list for PBXNativeTarget "nuiDemo" */;
			buildPhases = (
				61A9DFBC0B833E9600BC506C /* Sources */,
				61A9DFBD0B833E9600BC506C /* Frameworks */,
				BC9DC7A90EC4DFF400B3E1F1 /* Resources Script */,
			);
			buildRules = (
			);
			dependencies = (
				BCBCB1640DFD45FA002E8BC3 /* PBXTargetDependency */,
			);
			name = nuiDemo;
			productName = Temp;
			productReference = 61A9DFBF0B833E9600BC506C /* nuiDemo.app */;
			productType = "com.apple.product-type.application";
		};
		61A9DFC80B833EF200BC506C /* nuiDemoD */ = {
			isa = PBXNativeTarget;
			buildConfigurationList = 61A9DFCC0B833EF300BC506C /* Build configuration list for PBXNativeTarget "nuiDemoD" */;
			buildPhases = (
				61A9DFC60B833EF200BC506C /* Sources */,
				61A9DFC70B833EF200BC506C /* Frameworks */,
				BC86D97C0EC500CF007DA3FE /* Resources Script */,
			);
			buildRules = (
			);
			dependencies = (
				BCBCB1660DFD4605002E8BC3 /* PBXTargetDependency */,
			);
			name = nuiDemoD;
			productName = Tempd;
			productReference = 61A9DFC90B833EF200BC506C /* nuiDemoD.app */;
			productType = "com.apple.product-type.application";
		};
/* End PBXNativeTarget section */

/* Begin PBXProject section */
		61A9DE3F0B833C9200BC506C /* Project object */ = {
			isa = PBXProject;
			buildConfigurationList = 61A9DE400B833C9200BC506C /* Build configuration list for PBXProject "nuiDemo" */;
			compatibilityVersion = "Xcode 2.4";
			hasScannedForEncodings = 0;
			mainGroup = 61A9DE3D0B833C9200BC506C;
			productRefGroup = 61A9DFB50B833DE500BC506C /* Products */;
			projectDirPath = "";
			projectReferences = (
				{
					ProductGroup = BCBCB1530DFD45B5002E8BC3 /* Products */;
					ProjectRef = BCBCB1520DFD45B5002E8BC3 /* nui3.xcodeproj */;
				},
			);
			projectRoot = "";
			targets = (
				61A9DFBE0B833E9600BC506C /* nuiDemo */,
				61A9DFC80B833EF200BC506C /* nuiDemoD */,
			);
		};
/* End PBXProject section */

/* Begin PBXReferenceProxy section */
		BCBCB15C0DFD45B6002E8BC3 /* libnui3D.a */ = {
			isa = PBXReferenceProxy;
			fileType = archive.ar;
			path = libnui3D.a;
			remoteRef = BCBCB15B0DFD45B6002E8BC3 /* PBXContainerItemProxy */;
			sourceTree = BUILT_PRODUCTS_DIR;
		};
		BCBCB15E0DFD45B6002E8BC3 /* libnui3.a */ = {
			isa = PBXReferenceProxy;
			fileType = archive.ar;
			path = libnui3.a;
			remoteRef = BCBCB15D0DFD45B6002E8BC3 /* PBXContainerItemProxy */;
			sourceTree = BUILT_PRODUCTS_DIR;
		};
		E55DBF740F0526A600A9EC18 /* libnui3D cocoa.a */ = {
			isa = PBXReferenceProxy;
			fileType = archive.ar;
			path = "libnui3D cocoa.a";
			remoteRef = E55DBF730F0526A600A9EC18 /* PBXContainerItemProxy */;
			sourceTree = BUILT_PRODUCTS_DIR;
		};
/* End PBXReferenceProxy section */

/* Begin PBXShellScriptBuildPhase section */
		BC86D97C0EC500CF007DA3FE /* Resources Script */ = {
			isa = PBXShellScriptBuildPhase;
			buildActionMask = 2147483647;
			files = (
			);
			inputPaths = (
			);
			name = "Resources Script";
			outputPaths = (
			);
			runOnlyForDeploymentPostprocessing = 0;
			shellPath = /bin/sh;
			shellScript = "rsync -rC ./resources/ --exclude \".*\" \"$BUILT_PRODUCTS_DIR/$UNLOCALIZED_RESOURCES_FOLDER_PATH\"\n../../../nui3/tools/make_rc.py resources resource.rc\necho 0 ICON \\\"resources/nuiDemo.ico\\\" >> resource.rc\necho 1 ICON \\\"resources/nuiDemo.ico\\\" >> resource.rc\n";
		};
		BC9DC7A90EC4DFF400B3E1F1 /* Resources Script */ = {
			isa = PBXShellScriptBuildPhase;
			buildActionMask = 2147483647;
			files = (
			);
			inputPaths = (
			);
			name = "Resources Script";
			outputPaths = (
			);
			runOnlyForDeploymentPostprocessing = 0;
			shellPath = /bin/sh;
			shellScript = "rsync -rC ./resources/ --exclude \".*\" \"$BUILT_PRODUCTS_DIR/$UNLOCALIZED_RESOURCES_FOLDER_PATH\"\n../../../nui3/tools/make_rc.py resources resource.rc\necho 0 ICON \\\"resources/nuiDemo.ico\\\" >> resource.rc\necho 1 ICON \\\"resources/nuiDemo.ico\\\" >> resource.rc\n";
		};
/* End PBXShellScriptBuildPhase section */

/* Begin PBXSourcesBuildPhase section */
		61A9DFBC0B833E9600BC506C /* Sources */ = {
			isa = PBXSourcesBuildPhase;
			buildActionMask = 2147483647;
			files = (
				61A9DFF30B83433800BC506C /* Application.cpp in Sources */,
				61A9DFF40B83433800BC506C /* MainWindow.cpp in Sources */,
				BC085D640EC46CD200D95F92 /* Gui.cpp in Sources */,
				BC085D680EC46CDB00D95F92 /* Engine.cpp in Sources */,
				BC085DA10EC473EF00D95F92 /* guiOscillo.cpp in Sources */,
				BCE44DC30EC646A600AEBD64 /* AudioTrack.cpp in Sources */,
				BCA7BADB0EC8693C00AFA105 /* BiQuad.cpp in Sources */,
				BC09F5000ED0818700C1CA33 /* guiTheme.cpp in Sources */,
			);
			runOnlyForDeploymentPostprocessing = 0;
		};
		61A9DFC60B833EF200BC506C /* Sources */ = {
			isa = PBXSourcesBuildPhase;
			buildActionMask = 2147483647;
			files = (
				61A9DFF50B83433800BC506C /* Application.cpp in Sources */,
				61A9DFF60B83433800BC506C /* MainWindow.cpp in Sources */,
				BC085D630EC46CD200D95F92 /* Gui.cpp in Sources */,
				BC085D670EC46CDB00D95F92 /* Engine.cpp in Sources */,
				BC085DA00EC473EF00D95F92 /* guiOscillo.cpp in Sources */,
				BCE44DC20EC646A600AEBD64 /* AudioTrack.cpp in Sources */,
				BCA7BADA0EC8693C00AFA105 /* BiQuad.cpp in Sources */,
				BC09F4FF0ED0818700C1CA33 /* guiTheme.cpp in Sources */,
			);
			runOnlyForDeploymentPostprocessing = 0;
		};
/* End PBXSourcesBuildPhase section */

/* Begin PBXTargetDependency section */
		BCBCB1640DFD45FA002E8BC3 /* PBXTargetDependency */ = {
			isa = PBXTargetDependency;
			name = nui3;
			targetProxy = BCBCB1630DFD45FA002E8BC3 /* PBXContainerItemProxy */;
		};
		BCBCB1660DFD4605002E8BC3 /* PBXTargetDependency */ = {
			isa = PBXTargetDependency;
			name = nui3D;
			targetProxy = BCBCB1650DFD4605002E8BC3 /* PBXContainerItemProxy */;
		};
/* End PBXTargetDependency section */

/* Begin XCBuildConfiguration section */
		61A9DE410B833C9200BC506C /* Default */ = {
			isa = XCBuildConfiguration;
			buildSettings = {
				COPY_PHASE_STRIP = NO;
				GCC_PREPROCESSOR_DEFINITIONS = NGL_STATIC_BUILD;
				HEADER_SEARCH_PATHS = (
					./src,
					../../../nui3/include,
				);
				OTHER_LDFLAGS = "-lz";
				SDKROOT = /Developer/SDKs/MacOSX10.4u.sdk;
			};
			name = Default;
		};
		61A9DFC30B833E9600BC506C /* Default */ = {
			isa = XCBuildConfiguration;
			buildSettings = {
				ARCHS = (
					ppc,
					i386,
				);
				COPY_PHASE_STRIP = YES;
				GCC_DYNAMIC_NO_PIC = NO;
				GCC_ENABLE_FIX_AND_CONTINUE = NO;
				GCC_GENERATE_DEBUGGING_SYMBOLS = YES;
				GCC_MODEL_TUNING = G5;
				GCC_OPTIMIZATION_LEVEL = s;
				INFOPLIST_FILE = "";
				INSTALL_PATH = "$(HOME)/Applications";
				PREBINDING = YES;
				PRODUCT_NAME = nuiDemo;
				STRIP_INSTALLED_PRODUCT = YES;
				WARNING_CFLAGS = (
					"-Wmost",
					"-Wno-four-char-constants",
					"-Wno-unknown-pragmas",
				);
				WRAPPER_EXTENSION = app;
				ZERO_LINK = NO;
			};
			name = Default;
		};
		61A9DFCD0B833EF300BC506C /* Default */ = {
			isa = XCBuildConfiguration;
			buildSettings = {
				COPY_PHASE_STRIP = NO;
				GCC_DEBUGGING_SYMBOLS = full;
				GCC_DYNAMIC_NO_PIC = NO;
				GCC_ENABLE_FIX_AND_CONTINUE = NO;
				GCC_GENERATE_DEBUGGING_SYMBOLS = YES;
				GCC_MODEL_TUNING = G5;
				GCC_OPTIMIZATION_LEVEL = 0;
				GCC_PREPROCESSOR_DEFINITIONS = _DEBUG;
				INFOPLIST_FILE = "";
				INSTALL_PATH = "$(HOME)/Applications";
				PREBINDING = YES;
				PRODUCT_NAME = nuiDemoD;
				WARNING_CFLAGS = (
					"-Wmost",
					"-Wno-four-char-constants",
					"-Wno-unknown-pragmas",
				);
				WRAPPER_EXTENSION = app;
				ZERO_LINK = NO;
			};
			name = Default;
		};
/* End XCBuildConfiguration section */

/* Begin XCConfigurationList section */
		61A9DE400B833C9200BC506C /* Build configuration list for PBXProject "nuiDemo" */ = {
			isa = XCConfigurationList;
			buildConfigurations = (
				61A9DE410B833C9200BC506C /* Default */,
			);
			defaultConfigurationIsVisible = 0;
			defaultConfigurationName = Default;
		};
		61A9DFC20B833E9600BC506C /* Build configuration list for PBXNativeTarget "nuiDemo" */ = {
			isa = XCConfigurationList;
			buildConfigurations = (
				61A9DFC30B833E9600BC506C /* Default */,
			);
			defaultConfigurationIsVisible = 0;
			defaultConfigurationName = Default;
		};
		61A9DFCC0B833EF300BC506C /* Build configuration list for PBXNativeTarget "nuiDemoD" */ = {
			isa = XCConfigurationList;
			buildConfigurations = (
				61A9DFCD0B833EF300BC506C /* Default */,
			);
			defaultConfigurationIsVisible = 0;
			defaultConfigurationName = Default;
		};
/* End XCConfigurationList section */
	};
	rootObject = 61A9DE3F0B833C9200BC506C /* Project object */;
}
