// !$*UTF8*$!
{
	archiveVersion = 1;
	classes = {
	};
	objectVersion = 45;
	objects = {

/* Begin PBXBuildFile section */
		61A9DFD70B833F1500BC506C /* AGL.framework in Frameworks */ = {isa = PBXBuildFile; fileRef = 61A9DFD20B833F1500BC506C /* AGL.framework */; };
		61A9DFD80B833F1500BC506C /* CoreFoundation.framework in Frameworks */ = {isa = PBXBuildFile; fileRef = 61A9DFD30B833F1500BC506C /* CoreFoundation.framework */; };
		61A9DFD90B833F1500BC506C /* CoreServices.framework in Frameworks */ = {isa = PBXBuildFile; fileRef = 61A9DFD40B833F1500BC506C /* CoreServices.framework */; };
		61A9DFDA0B833F1500BC506C /* Carbon.framework in Frameworks */ = {isa = PBXBuildFile; fileRef = 61A9DFD50B833F1500BC506C /* Carbon.framework */; };
		61A9DFDB0B833F1500BC506C /* OpenGL.framework in Frameworks */ = {isa = PBXBuildFile; fileRef = 61A9DFD60B833F1500BC506C /* OpenGL.framework */; };
		61A9DFDC0B833F1500BC506C /* AGL.framework in Frameworks */ = {isa = PBXBuildFile; fileRef = 61A9DFD20B833F1500BC506C /* AGL.framework */; };
		61A9DFDD0B833F1500BC506C /* CoreFoundation.framework in Frameworks */ = {isa = PBXBuildFile; fileRef = 61A9DFD30B833F1500BC506C /* CoreFoundation.framework */; };
		61A9DFDE0B833F1500BC506C /* CoreServices.framework in Frameworks */ = {isa = PBXBuildFile; fileRef = 61A9DFD40B833F1500BC506C /* CoreServices.framework */; };
		61A9DFDF0B833F1500BC506C /* Carbon.framework in Frameworks */ = {isa = PBXBuildFile; fileRef = 61A9DFD50B833F1500BC506C /* Carbon.framework */; };
		61A9DFE00B833F1500BC506C /* OpenGL.framework in Frameworks */ = {isa = PBXBuildFile; fileRef = 61A9DFD60B833F1500BC506C /* OpenGL.framework */; };
		BC39AF4C0F8F70C500568C99 /* ToolPaneAttributes.cpp in Sources */ = {isa = PBXBuildFile; fileRef = BC39AF480F8F70C500568C99 /* ToolPaneAttributes.cpp */; };
		BC39AF4D0F8F70C500568C99 /* ToolPane.cpp in Sources */ = {isa = PBXBuildFile; fileRef = BC39AF490F8F70C500568C99 /* ToolPane.cpp */; };
		BC39AF4E0F8F70C500568C99 /* ElementInspector.cpp in Sources */ = {isa = PBXBuildFile; fileRef = BC39AF4A0F8F70C500568C99 /* ElementInspector.cpp */; };
		BC39AF4F0F8F70C500568C99 /* ToolPaneAttributes.cpp in Sources */ = {isa = PBXBuildFile; fileRef = BC39AF480F8F70C500568C99 /* ToolPaneAttributes.cpp */; };
		BC39AF500F8F70C500568C99 /* ToolPane.cpp in Sources */ = {isa = PBXBuildFile; fileRef = BC39AF490F8F70C500568C99 /* ToolPane.cpp */; };
		BC39AF510F8F70C500568C99 /* ElementInspector.cpp in Sources */ = {isa = PBXBuildFile; fileRef = BC39AF4A0F8F70C500568C99 /* ElementInspector.cpp */; };
		BC39AF540F8F70CA00568C99 /* ProjectGenerator.cpp in Sources */ = {isa = PBXBuildFile; fileRef = BC39AF520F8F70CA00568C99 /* ProjectGenerator.cpp */; };
		BC39AF550F8F70CA00568C99 /* ProjectGenerator.cpp in Sources */ = {isa = PBXBuildFile; fileRef = BC39AF520F8F70CA00568C99 /* ProjectGenerator.cpp */; };
		BC39AF5C0F8F70D000568C99 /* Yapuka.cpp in Sources */ = {isa = PBXBuildFile; fileRef = BC39AF580F8F70D000568C99 /* Yapuka.cpp */; };
		BC39AF5D0F8F70D000568C99 /* Preferences.cpp in Sources */ = {isa = PBXBuildFile; fileRef = BC39AF5A0F8F70D000568C99 /* Preferences.cpp */; };
		BC39AF5E0F8F70D000568C99 /* MainWindow.cpp in Sources */ = {isa = PBXBuildFile; fileRef = BC39AF5B0F8F70D000568C99 /* MainWindow.cpp */; };
		BC39AF5F0F8F70D000568C99 /* Yapuka.cpp in Sources */ = {isa = PBXBuildFile; fileRef = BC39AF580F8F70D000568C99 /* Yapuka.cpp */; };
		BC39AF600F8F70D000568C99 /* Preferences.cpp in Sources */ = {isa = PBXBuildFile; fileRef = BC39AF5A0F8F70D000568C99 /* Preferences.cpp */; };
		BC39AF610F8F70D000568C99 /* MainWindow.cpp in Sources */ = {isa = PBXBuildFile; fileRef = BC39AF5B0F8F70D000568C99 /* MainWindow.cpp */; };
		BC39AF6E0F8F70DA00568C99 /* WidgetEditor.cpp in Sources */ = {isa = PBXBuildFile; fileRef = BC39AF620F8F70DA00568C99 /* WidgetEditor.cpp */; };
		BC39AF6F0F8F70DA00568C99 /* WidgetDelegates.cpp in Sources */ = {isa = PBXBuildFile; fileRef = BC39AF640F8F70DA00568C99 /* WidgetDelegates.cpp */; };
		BC39AF700F8F70DA00568C99 /* ElementDesc.cpp in Sources */ = {isa = PBXBuildFile; fileRef = BC39AF660F8F70DA00568C99 /* ElementDesc.cpp */; };
		BC39AF710F8F70DA00568C99 /* ElementEditor.cpp in Sources */ = {isa = PBXBuildFile; fileRef = BC39AF680F8F70DA00568C99 /* ElementEditor.cpp */; };
		BC39AF720F8F70DA00568C99 /* ElementEditorGui.cpp in Sources */ = {isa = PBXBuildFile; fileRef = BC39AF6A0F8F70DA00568C99 /* ElementEditorGui.cpp */; };
		BC39AF730F8F70DA00568C99 /* FrameEditor.cpp in Sources */ = {isa = PBXBuildFile; fileRef = BC39AF6C0F8F70DA00568C99 /* FrameEditor.cpp */; };
		BC39AF740F8F70DA00568C99 /* WidgetEditor.cpp in Sources */ = {isa = PBXBuildFile; fileRef = BC39AF620F8F70DA00568C99 /* WidgetEditor.cpp */; };
		BC39AF750F8F70DA00568C99 /* WidgetDelegates.cpp in Sources */ = {isa = PBXBuildFile; fileRef = BC39AF640F8F70DA00568C99 /* WidgetDelegates.cpp */; };
		BC39AF760F8F70DA00568C99 /* ElementDesc.cpp in Sources */ = {isa = PBXBuildFile; fileRef = BC39AF660F8F70DA00568C99 /* ElementDesc.cpp */; };
		BC39AF770F8F70DA00568C99 /* ElementEditor.cpp in Sources */ = {isa = PBXBuildFile; fileRef = BC39AF680F8F70DA00568C99 /* ElementEditor.cpp */; };
		BC39AF780F8F70DA00568C99 /* ElementEditorGui.cpp in Sources */ = {isa = PBXBuildFile; fileRef = BC39AF6A0F8F70DA00568C99 /* ElementEditorGui.cpp */; };
		BC39AF790F8F70DA00568C99 /* FrameEditor.cpp in Sources */ = {isa = PBXBuildFile; fileRef = BC39AF6C0F8F70DA00568C99 /* FrameEditor.cpp */; };
		BC6A09AD0EF92BAB00881ACF /* Info.plist in Resources */ = {isa = PBXBuildFile; fileRef = BC6A09AB0EF92BAB00881ACF /* Info.plist */; };
		BCBCB15F0DFD45BD002E8BC3 /* libnui3.a in Frameworks */ = {isa = PBXBuildFile; fileRef = BCBCB15E0DFD45B6002E8BC3 /* libnui3.a */; };
		BCBCB1600DFD45C1002E8BC3 /* libnui3D.a in Frameworks */ = {isa = PBXBuildFile; fileRef = BCBCB15C0DFD45B6002E8BC3 /* libnui3D.a */; };
/* End PBXBuildFile section */

/* Begin PBXContainerItemProxy section */
		BC0CFD99121455A70092C1F6 /* PBXContainerItemProxy */ = {
			isa = PBXContainerItemProxy;
			containerPortal = BCBCB1520DFD45B5002E8BC3 /* nui3.xcodeproj */;
			proxyType = 2;
			remoteGlobalIDString = E5D643E51209AB9C009C26A9;
			remoteInfo = nui3Cocoa;
		};
		BCBCB15B0DFD45B6002E8BC3 /* PBXContainerItemProxy */ = {
			isa = PBXContainerItemProxy;
			containerPortal = BCBCB1520DFD45B5002E8BC3 /* nui3.xcodeproj */;
			proxyType = 2;
			remoteGlobalIDString = E58172D80C3D103300902DFE;
			remoteInfo = nui3D;
		};
		BCBCB15D0DFD45B6002E8BC3 /* PBXContainerItemProxy */ = {
			isa = PBXContainerItemProxy;
			containerPortal = BCBCB1520DFD45B5002E8BC3 /* nui3.xcodeproj */;
			proxyType = 2;
			remoteGlobalIDString = E542A1AE0C3F0A5900225219;
			remoteInfo = nui3;
		};
		BCBCB1630DFD45FA002E8BC3 /* PBXContainerItemProxy */ = {
			isa = PBXContainerItemProxy;
			containerPortal = BCBCB1520DFD45B5002E8BC3 /* nui3.xcodeproj */;
			proxyType = 1;
			remoteGlobalIDString = E5429F110C3F0A5900225219;
			remoteInfo = nui3;
		};
		BCBCB1650DFD4605002E8BC3 /* PBXContainerItemProxy */ = {
			isa = PBXContainerItemProxy;
			containerPortal = BCBCB1520DFD45B5002E8BC3 /* nui3.xcodeproj */;
			proxyType = 1;
			remoteGlobalIDString = E58172D70C3D103300902DFE;
			remoteInfo = nui3D;
		};
		BCDFC9B311CFB6F500A900AC /* PBXContainerItemProxy */ = {
			isa = PBXContainerItemProxy;
			containerPortal = BCBCB1520DFD45B5002E8BC3 /* nui3.xcodeproj */;
			proxyType = 2;
			remoteGlobalIDString = E52417F311CB860B0025CA71;
			remoteInfo = nuiPhoneD;
		};
		BCDFC9B511CFB6F500A900AC /* PBXContainerItemProxy */ = {
			isa = PBXContainerItemProxy;
			containerPortal = BCBCB1520DFD45B5002E8BC3 /* nui3.xcodeproj */;
			proxyType = 2;
			remoteGlobalIDString = E52420E511CBCE9E0025CA71;
			remoteInfo = nuiPhone;
		};
		E5331330120222B700FF5312 /* PBXContainerItemProxy */ = {
			isa = PBXContainerItemProxy;
			containerPortal = BCBCB1520DFD45B5002E8BC3 /* nui3.xcodeproj */;
			proxyType = 2;
			remoteGlobalIDString = E5A8D1D311E33A54004E14CE;
			remoteInfo = nui3CocoaD;
		};
		E59DCCED12F1D6FA0027EF22 /* PBXContainerItemProxy */ = {
			isa = PBXContainerItemProxy;
			containerPortal = BCBCB1520DFD45B5002E8BC3 /* nui3.xcodeproj */;
			proxyType = 2;
			remoteGlobalIDString = 73F086E612E9BA0700656E84;
			remoteInfo = nuiPhone_arm7;
		};
		E59DCCEF12F1D6FA0027EF22 /* PBXContainerItemProxy */ = {
			isa = PBXContainerItemProxy;
			containerPortal = BCBCB1520DFD45B5002E8BC3 /* nui3.xcodeproj */;
			proxyType = 2;
			remoteGlobalIDString = 73F09AC312E9D09E00656E84;
			remoteInfo = thirdparty_ios_arm7;
		};
		E5D4E90412E4A9C40001A86F /* PBXContainerItemProxy */ = {
			isa = PBXContainerItemProxy;
			containerPortal = BCBCB1520DFD45B5002E8BC3 /* nui3.xcodeproj */;
			proxyType = 2;
			remoteGlobalIDString = E5DD341012E09CA800F1EF4E;
			remoteInfo = thirdparty;
		};
		E5D4E90612E4A9C40001A86F /* PBXContainerItemProxy */ = {
			isa = PBXContainerItemProxy;
			containerPortal = BCBCB1520DFD45B5002E8BC3 /* nui3.xcodeproj */;
			proxyType = 2;
			remoteGlobalIDString = E5DD3FF412E0B08300F1EF4E;
			remoteInfo = thirdparty_ios;
		};
/* End PBXContainerItemProxy section */

/* Begin PBXFileReference section */
		61A9DFBF0B833E9600BC506C /* yapuka.app */ = {isa = PBXFileReference; explicitFileType = wrapper.application; includeInIndex = 0; path = yapuka.app; sourceTree = BUILT_PRODUCTS_DIR; };
		61A9DFC90B833EF200BC506C /* yapukaD.app */ = {isa = PBXFileReference; explicitFileType = wrapper.application; includeInIndex = 0; path = yapukaD.app; sourceTree = BUILT_PRODUCTS_DIR; };
		61A9DFD20B833F1500BC506C /* AGL.framework */ = {isa = PBXFileReference; lastKnownFileType = wrapper.framework; name = AGL.framework; path = /System/Library/Frameworks/AGL.framework; sourceTree = "<absolute>"; };
		61A9DFD30B833F1500BC506C /* CoreFoundation.framework */ = {isa = PBXFileReference; lastKnownFileType = wrapper.framework; name = CoreFoundation.framework; path = /System/Library/Frameworks/CoreFoundation.framework; sourceTree = "<absolute>"; };
		61A9DFD40B833F1500BC506C /* CoreServices.framework */ = {isa = PBXFileReference; lastKnownFileType = wrapper.framework; name = CoreServices.framework; path = /System/Library/Frameworks/CoreServices.framework; sourceTree = "<absolute>"; };
		61A9DFD50B833F1500BC506C /* Carbon.framework */ = {isa = PBXFileReference; lastKnownFileType = wrapper.framework; name = Carbon.framework; path = /System/Library/Frameworks/Carbon.framework; sourceTree = "<absolute>"; };
		61A9DFD60B833F1500BC506C /* OpenGL.framework */ = {isa = PBXFileReference; lastKnownFileType = wrapper.framework; name = OpenGL.framework; path = /System/Library/Frameworks/OpenGL.framework; sourceTree = "<absolute>"; };
		BC39AF3D0F8F70A100568C99 /* yapuka.css */ = {isa = PBXFileReference; fileEncoding = 4; lastKnownFileType = text.css; name = yapuka.css; path = resources/css/yapuka.css; sourceTree = SOURCE_ROOT; };
		BC39AF460F8F70C500568C99 /* ToolPaneAttributes.h */ = {isa = PBXFileReference; fileEncoding = 4; lastKnownFileType = sourcecode.c.h; name = ToolPaneAttributes.h; path = src/Tools/ToolPaneAttributes.h; sourceTree = SOURCE_ROOT; };
		BC39AF470F8F70C500568C99 /* ToolPane.h */ = {isa = PBXFileReference; fileEncoding = 4; lastKnownFileType = sourcecode.c.h; name = ToolPane.h; path = src/Tools/ToolPane.h; sourceTree = SOURCE_ROOT; };
		BC39AF480F8F70C500568C99 /* ToolPaneAttributes.cpp */ = {isa = PBXFileReference; fileEncoding = 4; lastKnownFileType = sourcecode.cpp.cpp; name = ToolPaneAttributes.cpp; path = src/Tools/ToolPaneAttributes.cpp; sourceTree = SOURCE_ROOT; };
		BC39AF490F8F70C500568C99 /* ToolPane.cpp */ = {isa = PBXFileReference; fileEncoding = 4; lastKnownFileType = sourcecode.cpp.cpp; name = ToolPane.cpp; path = src/Tools/ToolPane.cpp; sourceTree = SOURCE_ROOT; };
		BC39AF4A0F8F70C500568C99 /* ElementInspector.cpp */ = {isa = PBXFileReference; fileEncoding = 4; lastKnownFileType = sourcecode.cpp.cpp; name = ElementInspector.cpp; path = src/Tools/ElementInspector.cpp; sourceTree = SOURCE_ROOT; };
		BC39AF4B0F8F70C500568C99 /* ElementInspector.h */ = {isa = PBXFileReference; fileEncoding = 4; lastKnownFileType = sourcecode.c.h; name = ElementInspector.h; path = src/Tools/ElementInspector.h; sourceTree = SOURCE_ROOT; };
		BC39AF520F8F70CA00568C99 /* ProjectGenerator.cpp */ = {isa = PBXFileReference; fileEncoding = 4; lastKnownFileType = sourcecode.cpp.cpp; name = ProjectGenerator.cpp; path = src/ProjectGenerator/ProjectGenerator.cpp; sourceTree = SOURCE_ROOT; };
		BC39AF530F8F70CA00568C99 /* ProjectGenerator.h */ = {isa = PBXFileReference; fileEncoding = 4; lastKnownFileType = sourcecode.c.h; name = ProjectGenerator.h; path = src/ProjectGenerator/ProjectGenerator.h; sourceTree = SOURCE_ROOT; };
		BC39AF560F8F70D000568C99 /* Yapuka.h */ = {isa = PBXFileReference; fileEncoding = 4; lastKnownFileType = sourcecode.c.h; name = Yapuka.h; path = src/Main/Yapuka.h; sourceTree = SOURCE_ROOT; };
		BC39AF570F8F70D000568C99 /* Preferences.h */ = {isa = PBXFileReference; fileEncoding = 4; lastKnownFileType = sourcecode.c.h; name = Preferences.h; path = src/Main/Preferences.h; sourceTree = SOURCE_ROOT; };
		BC39AF580F8F70D000568C99 /* Yapuka.cpp */ = {isa = PBXFileReference; fileEncoding = 4; lastKnownFileType = sourcecode.cpp.cpp; name = Yapuka.cpp; path = src/Main/Yapuka.cpp; sourceTree = SOURCE_ROOT; };
		BC39AF590F8F70D000568C99 /* MainWindow.h */ = {isa = PBXFileReference; fileEncoding = 4; lastKnownFileType = sourcecode.c.h; name = MainWindow.h; path = src/Main/MainWindow.h; sourceTree = SOURCE_ROOT; };
		BC39AF5A0F8F70D000568C99 /* Preferences.cpp */ = {isa = PBXFileReference; fileEncoding = 4; lastKnownFileType = sourcecode.cpp.cpp; name = Preferences.cpp; path = src/Main/Preferences.cpp; sourceTree = SOURCE_ROOT; };
		BC39AF5B0F8F70D000568C99 /* MainWindow.cpp */ = {isa = PBXFileReference; fileEncoding = 4; lastKnownFileType = sourcecode.cpp.cpp; name = MainWindow.cpp; path = src/Main/MainWindow.cpp; sourceTree = SOURCE_ROOT; };
		BC39AF620F8F70DA00568C99 /* WidgetEditor.cpp */ = {isa = PBXFileReference; fileEncoding = 4; lastKnownFileType = sourcecode.cpp.cpp; name = WidgetEditor.cpp; path = src/ElementEditor/WidgetEditor.cpp; sourceTree = SOURCE_ROOT; };
		BC39AF630F8F70DA00568C99 /* WidgetEditor.h */ = {isa = PBXFileReference; fileEncoding = 4; lastKnownFileType = sourcecode.c.h; name = WidgetEditor.h; path = src/ElementEditor/WidgetEditor.h; sourceTree = SOURCE_ROOT; };
		BC39AF640F8F70DA00568C99 /* WidgetDelegates.cpp */ = {isa = PBXFileReference; fileEncoding = 4; lastKnownFileType = sourcecode.cpp.cpp; name = WidgetDelegates.cpp; path = src/ElementEditor/WidgetDelegates.cpp; sourceTree = SOURCE_ROOT; };
		BC39AF650F8F70DA00568C99 /* WidgetDelegates.h */ = {isa = PBXFileReference; fileEncoding = 4; lastKnownFileType = sourcecode.c.h; name = WidgetDelegates.h; path = src/ElementEditor/WidgetDelegates.h; sourceTree = SOURCE_ROOT; };
		BC39AF660F8F70DA00568C99 /* ElementDesc.cpp */ = {isa = PBXFileReference; fileEncoding = 4; lastKnownFileType = sourcecode.cpp.cpp; name = ElementDesc.cpp; path = src/ElementEditor/ElementDesc.cpp; sourceTree = SOURCE_ROOT; };
		BC39AF670F8F70DA00568C99 /* ElementDesc.h */ = {isa = PBXFileReference; fileEncoding = 4; lastKnownFileType = sourcecode.c.h; name = ElementDesc.h; path = src/ElementEditor/ElementDesc.h; sourceTree = SOURCE_ROOT; };
		BC39AF680F8F70DA00568C99 /* ElementEditor.cpp */ = {isa = PBXFileReference; fileEncoding = 4; lastKnownFileType = sourcecode.cpp.cpp; name = ElementEditor.cpp; path = src/ElementEditor/ElementEditor.cpp; sourceTree = SOURCE_ROOT; };
		BC39AF690F8F70DA00568C99 /* ElementEditor.h */ = {isa = PBXFileReference; fileEncoding = 4; lastKnownFileType = sourcecode.c.h; name = ElementEditor.h; path = src/ElementEditor/ElementEditor.h; sourceTree = SOURCE_ROOT; };
		BC39AF6A0F8F70DA00568C99 /* ElementEditorGui.cpp */ = {isa = PBXFileReference; fileEncoding = 4; lastKnownFileType = sourcecode.cpp.cpp; name = ElementEditorGui.cpp; path = src/ElementEditor/ElementEditorGui.cpp; sourceTree = SOURCE_ROOT; };
		BC39AF6B0F8F70DA00568C99 /* ElementEditorGui.h */ = {isa = PBXFileReference; fileEncoding = 4; lastKnownFileType = sourcecode.c.h; name = ElementEditorGui.h; path = src/ElementEditor/ElementEditorGui.h; sourceTree = SOURCE_ROOT; };
		BC39AF6C0F8F70DA00568C99 /* FrameEditor.cpp */ = {isa = PBXFileReference; fileEncoding = 4; lastKnownFileType = sourcecode.cpp.cpp; name = FrameEditor.cpp; path = src/ElementEditor/FrameEditor.cpp; sourceTree = SOURCE_ROOT; };
		BC39AF6D0F8F70DA00568C99 /* FrameEditor.h */ = {isa = PBXFileReference; fileEncoding = 4; lastKnownFileType = sourcecode.c.h; name = FrameEditor.h; path = src/ElementEditor/FrameEditor.h; sourceTree = SOURCE_ROOT; };
		BC6A09AB0EF92BAB00881ACF /* Info.plist */ = {isa = PBXFileReference; fileEncoding = 4; lastKnownFileType = text.plist.xml; path = Info.plist; sourceTree = SOURCE_ROOT; };
		BCBCB1520DFD45B5002E8BC3 /* nui3.xcodeproj */ = {isa = PBXFileReference; lastKnownFileType = "wrapper.pb-project"; name = nui3.xcodeproj; path = ../../nui3.xcodeproj; sourceTree = SOURCE_ROOT; };
/* End PBXFileReference section */

/* Begin PBXFrameworksBuildPhase section */
		61A9DFBD0B833E9600BC506C /* Frameworks */ = {
			isa = PBXFrameworksBuildPhase;
			buildActionMask = 2147483647;
			files = (
				61A9DFD70B833F1500BC506C /* AGL.framework in Frameworks */,
				61A9DFD80B833F1500BC506C /* CoreFoundation.framework in Frameworks */,
				61A9DFD90B833F1500BC506C /* CoreServices.framework in Frameworks */,
				61A9DFDA0B833F1500BC506C /* Carbon.framework in Frameworks */,
				61A9DFDB0B833F1500BC506C /* OpenGL.framework in Frameworks */,
				BCBCB15F0DFD45BD002E8BC3 /* libnui3.a in Frameworks */,
			);
			runOnlyForDeploymentPostprocessing = 0;
		};
		61A9DFC70B833EF200BC506C /* Frameworks */ = {
			isa = PBXFrameworksBuildPhase;
			buildActionMask = 2147483647;
			files = (
				61A9DFDC0B833F1500BC506C /* AGL.framework in Frameworks */,
				61A9DFDD0B833F1500BC506C /* CoreFoundation.framework in Frameworks */,
				61A9DFDE0B833F1500BC506C /* CoreServices.framework in Frameworks */,
				61A9DFDF0B833F1500BC506C /* Carbon.framework in Frameworks */,
				61A9DFE00B833F1500BC506C /* OpenGL.framework in Frameworks */,
				BCBCB1600DFD45C1002E8BC3 /* libnui3D.a in Frameworks */,
			);
			runOnlyForDeploymentPostprocessing = 0;
		};
/* End PBXFrameworksBuildPhase section */

/* Begin PBXGroup section */
		61A9DE3D0B833C9200BC506C = {
			isa = PBXGroup;
			children = (
				BC6A09CA0EF9300600881ACF /* css */,
				BC6A09A20EF92B4B00881ACF /* resources */,
				61A9DE4A0B833CD000BC506C /* sources */,
				61A9DE490B833CB000BC506C /* dependancies */,
				61A9DFB50B833DE500BC506C /* Products */,
			);
			sourceTree = "<group>";
		};
		61A9DE490B833CB000BC506C /* dependancies */ = {
			isa = PBXGroup;
			children = (
				BCBCB1520DFD45B5002E8BC3 /* nui3.xcodeproj */,
				61A9DFD20B833F1500BC506C /* AGL.framework */,
				61A9DFD30B833F1500BC506C /* CoreFoundation.framework */,
				61A9DFD40B833F1500BC506C /* CoreServices.framework */,
				61A9DFD50B833F1500BC506C /* Carbon.framework */,
				61A9DFD60B833F1500BC506C /* OpenGL.framework */,
			);
			name = dependancies;
			sourceTree = "<group>";
		};
		61A9DE4A0B833CD000BC506C /* sources */ = {
			isa = PBXGroup;
			children = (
				BC39AF3F0F8F70AC00568C99 /* ElementEditor */,
				BC39AF430F8F70B100568C99 /* Main */,
				BC39AF440F8F70B500568C99 /* ProjectGenerator */,
				BC39AF450F8F70BA00568C99 /* Tools */,
			);
			name = sources;
			sourceTree = "<group>";
		};
		61A9DFB50B833DE500BC506C /* Products */ = {
			isa = PBXGroup;
			children = (
				61A9DFBF0B833E9600BC506C /* yapuka.app */,
				61A9DFC90B833EF200BC506C /* yapukaD.app */,
			);
			name = Products;
			sourceTree = "<group>";
		};
		BC39AF3F0F8F70AC00568C99 /* ElementEditor */ = {
			isa = PBXGroup;
			children = (
				BC39AF620F8F70DA00568C99 /* WidgetEditor.cpp */,
				BC39AF630F8F70DA00568C99 /* WidgetEditor.h */,
				BC39AF640F8F70DA00568C99 /* WidgetDelegates.cpp */,
				BC39AF650F8F70DA00568C99 /* WidgetDelegates.h */,
				BC39AF660F8F70DA00568C99 /* ElementDesc.cpp */,
				BC39AF670F8F70DA00568C99 /* ElementDesc.h */,
				BC39AF680F8F70DA00568C99 /* ElementEditor.cpp */,
				BC39AF690F8F70DA00568C99 /* ElementEditor.h */,
				BC39AF6A0F8F70DA00568C99 /* ElementEditorGui.cpp */,
				BC39AF6B0F8F70DA00568C99 /* ElementEditorGui.h */,
				BC39AF6C0F8F70DA00568C99 /* FrameEditor.cpp */,
				BC39AF6D0F8F70DA00568C99 /* FrameEditor.h */,
			);
			name = ElementEditor;
			sourceTree = "<group>";
		};
		BC39AF430F8F70B100568C99 /* Main */ = {
			isa = PBXGroup;
			children = (
				BC39AF560F8F70D000568C99 /* Yapuka.h */,
				BC39AF570F8F70D000568C99 /* Preferences.h */,
				BC39AF580F8F70D000568C99 /* Yapuka.cpp */,
				BC39AF590F8F70D000568C99 /* MainWindow.h */,
				BC39AF5A0F8F70D000568C99 /* Preferences.cpp */,
				BC39AF5B0F8F70D000568C99 /* MainWindow.cpp */,
			);
			name = Main;
			sourceTree = "<group>";
		};
		BC39AF440F8F70B500568C99 /* ProjectGenerator */ = {
			isa = PBXGroup;
			children = (
				BC39AF520F8F70CA00568C99 /* ProjectGenerator.cpp */,
				BC39AF530F8F70CA00568C99 /* ProjectGenerator.h */,
			);
			name = ProjectGenerator;
			sourceTree = "<group>";
		};
		BC39AF450F8F70BA00568C99 /* Tools */ = {
			isa = PBXGroup;
			children = (
				BC39AF460F8F70C500568C99 /* ToolPaneAttributes.h */,
				BC39AF470F8F70C500568C99 /* ToolPane.h */,
				BC39AF480F8F70C500568C99 /* ToolPaneAttributes.cpp */,
				BC39AF490F8F70C500568C99 /* ToolPane.cpp */,
				BC39AF4A0F8F70C500568C99 /* ElementInspector.cpp */,
				BC39AF4B0F8F70C500568C99 /* ElementInspector.h */,
			);
			name = Tools;
			sourceTree = "<group>";
		};
		BC6A09A20EF92B4B00881ACF /* resources */ = {
			isa = PBXGroup;
			children = (
				BC6A09AB0EF92BAB00881ACF /* Info.plist */,
			);
			name = resources;
			sourceTree = "<group>";
		};
		BC6A09CA0EF9300600881ACF /* css */ = {
			isa = PBXGroup;
			children = (
				BC39AF3D0F8F70A100568C99 /* yapuka.css */,
			);
			name = css;
			sourceTree = "<group>";
		};
		BCBCB1530DFD45B5002E8BC3 /* Products */ = {
			isa = PBXGroup;
			children = (
				BCBCB15C0DFD45B6002E8BC3 /* libnui3D.a */,
				BCBCB15E0DFD45B6002E8BC3 /* libnui3.a */,
				BCDFC9B411CFB6F500A900AC /* libnuiPhoneD.a */,
				BCDFC9B611CFB6F500A900AC /* libnuiPhone.a */,
				E59DCCEE12F1D6FA0027EF22 /* libnuiPhone_arm7.a */,
				E5331331120222B700FF5312 /* libnui3CocoaD.a */,
				BC0CFD9A121455A70092C1F6 /* libnui3Cocoa.a */,
				E5D4E90512E4A9C40001A86F /* libthirdparty.a */,
				E5D4E90712E4A9C40001A86F /* libthirdparty_ios.a */,
				E59DCCF012F1D6FA0027EF22 /* libthirdparty_ios_arm7.a */,
			);
			name = Products;
			sourceTree = "<group>";
		};
/* End PBXGroup section */

/* Begin PBXNativeTarget section */
		61A9DFBE0B833E9600BC506C /* yapuka */ = {
			isa = PBXNativeTarget;
			buildConfigurationList = 61A9DFC20B833E9600BC506C /* Build configuration list for PBXNativeTarget "yapuka" */;
			buildPhases = (
				61A9DFBB0B833E9600BC506C /* Resources */,
				61A9DFBC0B833E9600BC506C /* Sources */,
				61A9DFBD0B833E9600BC506C /* Frameworks */,
				BC6A09BE0EF92F1B00881ACF /* Copy Resources Script */,
			);
			buildRules = (
			);
			dependencies = (
				BCBCB1640DFD45FA002E8BC3 /* PBXTargetDependency */,
			);
			name = yapuka;
			productName = Temp;
			productReference = 61A9DFBF0B833E9600BC506C /* yapuka.app */;
			productType = "com.apple.product-type.application";
		};
		61A9DFC80B833EF200BC506C /* yapukaD */ = {
			isa = PBXNativeTarget;
			buildConfigurationList = 61A9DFCC0B833EF300BC506C /* Build configuration list for PBXNativeTarget "yapukaD" */;
			buildPhases = (
				61A9DFC60B833EF200BC506C /* Sources */,
				61A9DFC70B833EF200BC506C /* Frameworks */,
				BC6A09BC0EF92EBF00881ACF /* Copy Resources Script */,
			);
			buildRules = (
			);
			dependencies = (
				BCBCB1660DFD4605002E8BC3 /* PBXTargetDependency */,
			);
			name = yapukaD;
			productName = Tempd;
			productReference = 61A9DFC90B833EF200BC506C /* yapukaD.app */;
			productType = "com.apple.product-type.application";
		};
/* End PBXNativeTarget section */

/* Begin PBXProject section */
		61A9DE3F0B833C9200BC506C /* Project object */ = {
			isa = PBXProject;
			buildConfigurationList = 61A9DE400B833C9200BC506C /* Build configuration list for PBXProject "yapuka" */;
			compatibilityVersion = "Xcode 3.1";
			developmentRegion = English;
			hasScannedForEncodings = 0;
			knownRegions = (
				English,
				Japanese,
				French,
				German,
			);
			mainGroup = 61A9DE3D0B833C9200BC506C;
			productRefGroup = 61A9DFB50B833DE500BC506C /* Products */;
			projectDirPath = "";
			projectReferences = (
				{
					ProductGroup = BCBCB1530DFD45B5002E8BC3 /* Products */;
					ProjectRef = BCBCB1520DFD45B5002E8BC3 /* nui3.xcodeproj */;
				},
			);
			projectRoot = "";
			targets = (
				61A9DFBE0B833E9600BC506C /* yapuka */,
				61A9DFC80B833EF200BC506C /* yapukaD */,
			);
		};
/* End PBXProject section */

/* Begin PBXReferenceProxy section */
		BC0CFD9A121455A70092C1F6 /* libnui3Cocoa.a */ = {
			isa = PBXReferenceProxy;
			fileType = archive.ar;
			path = libnui3Cocoa.a;
			remoteRef = BC0CFD99121455A70092C1F6 /* PBXContainerItemProxy */;
			sourceTree = BUILT_PRODUCTS_DIR;
		};
		BCBCB15C0DFD45B6002E8BC3 /* libnui3D.a */ = {
			isa = PBXReferenceProxy;
			fileType = archive.ar;
			path = libnui3D.a;
			remoteRef = BCBCB15B0DFD45B6002E8BC3 /* PBXContainerItemProxy */;
			sourceTree = BUILT_PRODUCTS_DIR;
		};
		BCBCB15E0DFD45B6002E8BC3 /* libnui3.a */ = {
			isa = PBXReferenceProxy;
			fileType = archive.ar;
			path = libnui3.a;
			remoteRef = BCBCB15D0DFD45B6002E8BC3 /* PBXContainerItemProxy */;
			sourceTree = BUILT_PRODUCTS_DIR;
		};
		BCDFC9B411CFB6F500A900AC /* libnuiPhoneD.a */ = {
			isa = PBXReferenceProxy;
			fileType = archive.ar;
			path = libnuiPhoneD.a;
			remoteRef = BCDFC9B311CFB6F500A900AC /* PBXContainerItemProxy */;
			sourceTree = BUILT_PRODUCTS_DIR;
		};
		BCDFC9B611CFB6F500A900AC /* libnuiPhone.a */ = {
			isa = PBXReferenceProxy;
			fileType = archive.ar;
			path = libnuiPhone.a;
			remoteRef = BCDFC9B511CFB6F500A900AC /* PBXContainerItemProxy */;
			sourceTree = BUILT_PRODUCTS_DIR;
		};
		E5331331120222B700FF5312 /* libnui3CocoaD.a */ = {
			isa = PBXReferenceProxy;
			fileType = archive.ar;
			path = libnui3CocoaD.a;
			remoteRef = E5331330120222B700FF5312 /* PBXContainerItemProxy */;
			sourceTree = BUILT_PRODUCTS_DIR;
		};
		E59DCCEE12F1D6FA0027EF22 /* libnuiPhone_arm7.a */ = {
			isa = PBXReferenceProxy;
			fileType = archive.ar;
			path = libnuiPhone_arm7.a;
			remoteRef = E59DCCED12F1D6FA0027EF22 /* PBXContainerItemProxy */;
			sourceTree = BUILT_PRODUCTS_DIR;
		};
		E59DCCF012F1D6FA0027EF22 /* libthirdparty_ios_arm7.a */ = {
			isa = PBXReferenceProxy;
			fileType = archive.ar;
			path = libthirdparty_ios_arm7.a;
			remoteRef = E59DCCEF12F1D6FA0027EF22 /* PBXContainerItemProxy */;
			sourceTree = BUILT_PRODUCTS_DIR;
		};
		E5D4E90512E4A9C40001A86F /* libthirdparty.a */ = {
			isa = PBXReferenceProxy;
			fileType = archive.ar;
			path = libthirdparty.a;
			remoteRef = E5D4E90412E4A9C40001A86F /* PBXContainerItemProxy */;
			sourceTree = BUILT_PRODUCTS_DIR;
		};
		E5D4E90712E4A9C40001A86F /* libthirdparty_ios.a */ = {
			isa = PBXReferenceProxy;
			fileType = archive.ar;
			path = libthirdparty_ios.a;
			remoteRef = E5D4E90612E4A9C40001A86F /* PBXContainerItemProxy */;
			sourceTree = BUILT_PRODUCTS_DIR;
		};
/* End PBXReferenceProxy section */

/* Begin PBXResourcesBuildPhase section */
		61A9DFBB0B833E9600BC506C /* Resources */ = {
			isa = PBXResourcesBuildPhase;
			buildActionMask = 2147483647;
			files = (
				BC6A09AD0EF92BAB00881ACF /* Info.plist in Resources */,
			);
			runOnlyForDeploymentPostprocessing = 0;
		};
/* End PBXResourcesBuildPhase section */

/* Begin PBXShellScriptBuildPhase section */
		BC6A09BC0EF92EBF00881ACF /* Copy Resources Script */ = {
			isa = PBXShellScriptBuildPhase;
			buildActionMask = 2147483647;
			files = (
			);
			inputPaths = (
			);
			name = "Copy Resources Script";
			outputPaths = (
			);
			runOnlyForDeploymentPostprocessing = 0;
			shellPath = /bin/sh;
			shellScript = "rsync -rC ./resources/ --exclude \".*\" \"$BUILT_PRODUCTS_DIR/$UNLOCALIZED_RESOURCES_FOLDER_PATH\"\n../../tools/make_rc.py resources resource.rc\necho 0 ICON \\\"resources/icon.ico\\\" >> resource.rc\n";
		};
		BC6A09BE0EF92F1B00881ACF /* Copy Resources Script */ = {
			isa = PBXShellScriptBuildPhase;
			buildActionMask = 2147483647;
			files = (
			);
			inputPaths = (
			);
			name = "Copy Resources Script";
			outputPaths = (
			);
			runOnlyForDeploymentPostprocessing = 0;
			shellPath = /bin/sh;
			shellScript = "rsync -rC ./resources/ --exclude \".*\" \"$BUILT_PRODUCTS_DIR/$UNLOCALIZED_RESOURCES_FOLDER_PATH\"\n../../tools/make_rc.py resources resource.rc\necho 0 ICON \\\"resources/icon.ico\\\" >> resource.rc\n";
		};
/* End PBXShellScriptBuildPhase section */

/* Begin PBXSourcesBuildPhase section */
		61A9DFBC0B833E9600BC506C /* Sources */ = {
			isa = PBXSourcesBuildPhase;
			buildActionMask = 2147483647;
			files = (
				BC39AF4C0F8F70C500568C99 /* ToolPaneAttributes.cpp in Sources */,
				BC39AF4D0F8F70C500568C99 /* ToolPane.cpp in Sources */,
				BC39AF4E0F8F70C500568C99 /* ElementInspector.cpp in Sources */,
				BC39AF540F8F70CA00568C99 /* ProjectGenerator.cpp in Sources */,
				BC39AF5C0F8F70D000568C99 /* Yapuka.cpp in Sources */,
				BC39AF5D0F8F70D000568C99 /* Preferences.cpp in Sources */,
				BC39AF5E0F8F70D000568C99 /* MainWindow.cpp in Sources */,
				BC39AF6E0F8F70DA00568C99 /* WidgetEditor.cpp in Sources */,
				BC39AF6F0F8F70DA00568C99 /* WidgetDelegates.cpp in Sources */,
				BC39AF700F8F70DA00568C99 /* ElementDesc.cpp in Sources */,
				BC39AF710F8F70DA00568C99 /* ElementEditor.cpp in Sources */,
				BC39AF720F8F70DA00568C99 /* ElementEditorGui.cpp in Sources */,
				BC39AF730F8F70DA00568C99 /* FrameEditor.cpp in Sources */,
			);
			runOnlyForDeploymentPostprocessing = 0;
		};
		61A9DFC60B833EF200BC506C /* Sources */ = {
			isa = PBXSourcesBuildPhase;
			buildActionMask = 2147483647;
			files = (
				BC39AF4F0F8F70C500568C99 /* ToolPaneAttributes.cpp in Sources */,
				BC39AF500F8F70C500568C99 /* ToolPane.cpp in Sources */,
				BC39AF510F8F70C500568C99 /* ElementInspector.cpp in Sources */,
				BC39AF550F8F70CA00568C99 /* ProjectGenerator.cpp in Sources */,
				BC39AF5F0F8F70D000568C99 /* Yapuka.cpp in Sources */,
				BC39AF600F8F70D000568C99 /* Preferences.cpp in Sources */,
				BC39AF610F8F70D000568C99 /* MainWindow.cpp in Sources */,
				BC39AF740F8F70DA00568C99 /* WidgetEditor.cpp in Sources */,
				BC39AF750F8F70DA00568C99 /* WidgetDelegates.cpp in Sources */,
				BC39AF760F8F70DA00568C99 /* ElementDesc.cpp in Sources */,
				BC39AF770F8F70DA00568C99 /* ElementEditor.cpp in Sources */,
				BC39AF780F8F70DA00568C99 /* ElementEditorGui.cpp in Sources */,
				BC39AF790F8F70DA00568C99 /* FrameEditor.cpp in Sources */,
			);
			runOnlyForDeploymentPostprocessing = 0;
		};
/* End PBXSourcesBuildPhase section */

/* Begin PBXTargetDependency section */
		BCBCB1640DFD45FA002E8BC3 /* PBXTargetDependency */ = {
			isa = PBXTargetDependency;
			name = nui3;
			targetProxy = BCBCB1630DFD45FA002E8BC3 /* PBXContainerItemProxy */;
		};
		BCBCB1660DFD4605002E8BC3 /* PBXTargetDependency */ = {
			isa = PBXTargetDependency;
			name = nui3D;
			targetProxy = BCBCB1650DFD4605002E8BC3 /* PBXContainerItemProxy */;
		};
/* End PBXTargetDependency section */

/* Begin XCBuildConfiguration section */
		61A9DE410B833C9200BC506C /* Default */ = {
			isa = XCBuildConfiguration;
			buildSettings = {
				COPY_PHASE_STRIP = NO;
				GCC_SYMBOLS_PRIVATE_EXTERN = YES;
				HEADER_SEARCH_PATHS = (
					../../include,
					./src,
				);
				INFOPLIST_FILE = Info.plist;
				OTHER_LDFLAGS = (
					"-liconv",
					"-lz",
				);
				SDKROOT = macosx;
			};
			name = Default;
		};
		61A9DFC30B833E9600BC506C /* Default */ = {
			isa = XCBuildConfiguration;
			buildSettings = {
				ARCHS = (
					ppc,
					i386,
				);
				COPY_PHASE_STRIP = YES;
				GCC_DYNAMIC_NO_PIC = NO;
				GCC_ENABLE_FIX_AND_CONTINUE = NO;
				GCC_GENERATE_DEBUGGING_SYMBOLS = YES;
				GCC_MODEL_TUNING = G5;
				GCC_OPTIMIZATION_LEVEL = s;
				INFOPLIST_FILE = Info.plist;
				INSTALL_PATH = "$(HOME)/Applications";
				MACOSX_DEPLOYMENT_TARGET = 10.4;
				PREBINDING = YES;
				PRODUCT_NAME = yapuka;
				STRIP_INSTALLED_PRODUCT = YES;
				WARNING_CFLAGS = (
					"-Wmost",
					"-Wno-four-char-constants",
					"-Wno-unknown-pragmas",
				);
				WRAPPER_EXTENSION = app;
				ZERO_LINK = NO;
			};
			name = Default;
		};
		61A9DFCD0B833EF300BC506C /* Default */ = {
			isa = XCBuildConfiguration;
			buildSettings = {
				COPY_PHASE_STRIP = NO;
				GCC_DEBUGGING_SYMBOLS = full;
				GCC_DYNAMIC_NO_PIC = NO;
				GCC_ENABLE_FIX_AND_CONTINUE = NO;
				GCC_GENERATE_DEBUGGING_SYMBOLS = YES;
				GCC_MODEL_TUNING = G5;
				GCC_OPTIMIZATION_LEVEL = 0;
				GCC_PREPROCESSOR_DEFINITIONS = _DEBUG;
				INFOPLIST_FILE = Info.plist;
				INSTALL_PATH = "$(HOME)/Applications";
				PREBINDING = YES;
				PRODUCT_NAME = yapukaD;
				WARNING_CFLAGS = (
					"-Wmost",
					"-Wno-four-char-constants",
					"-Wno-unknown-pragmas",
				);
				WRAPPER_EXTENSION = app;
				ZERO_LINK = NO;
			};
			name = Default;
		};
/* End XCBuildConfiguration section */

/* Begin XCConfigurationList section */
		61A9DE400B833C9200BC506C /* Build configuration list for PBXProject "yapuka" */ = {
			isa = XCConfigurationList;
			buildConfigurations = (
				61A9DE410B833C9200BC506C /* Default */,
			);
			defaultConfigurationIsVisible = 0;
			defaultConfigurationName = Default;
		};
		61A9DFC20B833E9600BC506C /* Build configuration list for PBXNativeTarget "yapuka" */ = {
			isa = XCConfigurationList;
			buildConfigurations = (
				61A9DFC30B833E9600BC506C /* Default */,
			);
			defaultConfigurationIsVisible = 0;
			defaultConfigurationName = Default;
		};
		61A9DFCC0B833EF300BC506C /* Build configuration list for PBXNativeTarget "yapukaD" */ = {
			isa = XCConfigurationList;
			buildConfigurations = (
				61A9DFCD0B833EF300BC506C /* Default */,
			);
			defaultConfigurationIsVisible = 0;
			defaultConfigurationName = Default;
		};
/* End XCConfigurationList section */
	};
	rootObject = 61A9DE3F0B833C9200BC506C /* Project object */;
}
